// !$*UTF8*$!
{
	archiveVersion = 1;
	classes = {
	};
	objectVersion = 50;
	objects = {

/* Begin PBXBuildFile section */
		0D29EDB2227524E200B53AC1 /* AVFoundation.framework in Frameworks */ = {isa = PBXBuildFile; fileRef = 0D29EDB1227524E200B53AC1 /* AVFoundation.framework */; };
		0D29EDB42275254B00B53AC1 /* cacheOpen.mp3 in Resources */ = {isa = PBXBuildFile; fileRef = 0D29EDB32275254B00B53AC1 /* cacheOpen.mp3 */; };
		0D29EDB62275256000B53AC1 /* cacheFound.mp3 in Resources */ = {isa = PBXBuildFile; fileRef = 0D29EDB52275255F00B53AC1 /* cacheFound.mp3 */; };
		0DA4D72922152A2000D36D81 /* AppDelegate.swift in Sources */ = {isa = PBXBuildFile; fileRef = 0DA4D72822152A2000D36D81 /* AppDelegate.swift */; };
		0DA4D72B22152A2000D36D81 /* art.scnassets in Resources */ = {isa = PBXBuildFile; fileRef = 0DA4D72A22152A2000D36D81 /* art.scnassets */; };
		0DA4D72D22152A2000D36D81 /* ViewController.swift in Sources */ = {isa = PBXBuildFile; fileRef = 0DA4D72C22152A2000D36D81 /* ViewController.swift */; };
		0DA4D73022152A2000D36D81 /* Main.storyboard in Resources */ = {isa = PBXBuildFile; fileRef = 0DA4D72E22152A2000D36D81 /* Main.storyboard */; };
		0DA4D73222152A2300D36D81 /* Assets.xcassets in Resources */ = {isa = PBXBuildFile; fileRef = 0DA4D73122152A2300D36D81 /* Assets.xcassets */; };
		0DA4D73522152A2300D36D81 /* LaunchScreen.storyboard in Resources */ = {isa = PBXBuildFile; fileRef = 0DA4D73322152A2300D36D81 /* LaunchScreen.storyboard */; };
		0DA4D74022152A2400D36D81 /* ARcacheTests.swift in Sources */ = {isa = PBXBuildFile; fileRef = 0DA4D73F22152A2400D36D81 /* ARcacheTests.swift */; };
		0DA4D74B22152A2400D36D81 /* ARcacheUITests.swift in Sources */ = {isa = PBXBuildFile; fileRef = 0DA4D74A22152A2400D36D81 /* ARcacheUITests.swift */; };
		0DD20E6A222A4F16007B9B88 /* IMG_0006.png in Resources */ = {isa = PBXBuildFile; fileRef = 0DD20E69222A4F16007B9B88 /* IMG_0006.png */; };
		0DD20E6C222A55EE007B9B88 /* output-onlinepngtools (1).png in Resources */ = {isa = PBXBuildFile; fileRef = 0DD20E6B222A55EE007B9B88 /* output-onlinepngtools (1).png */; };
		0DD20E6E222A5695007B9B88 /* xmark.png in Resources */ = {isa = PBXBuildFile; fileRef = 0DD20E6D222A5695007B9B88 /* xmark.png */; };
		0DD20E70222A56A0007B9B88 /* log.png in Resources */ = {isa = PBXBuildFile; fileRef = 0DD20E6F222A56A0007B9B88 /* log.png */; };
		0DD20E72222A56A7007B9B88 /* output-onlinepngtools.png in Resources */ = {isa = PBXBuildFile; fileRef = 0DD20E71222A56A7007B9B88 /* output-onlinepngtools.png */; };
		0DD210B9222A8E27007B9B88 /* chestStoneOpen_1_normal.png in Resources */ = {isa = PBXBuildFile; fileRef = 0DD2106F222A8E27007B9B88 /* chestStoneOpen_1_normal.png */; };
		0DD210BA222A8E27007B9B88 /* LockMetal_metallicRoughness.png in Resources */ = {isa = PBXBuildFile; fileRef = 0DD21070222A8E27007B9B88 /* LockMetal_metallicRoughness.png */; };
		0DD210BB222A8E27007B9B88 /* plane_baseColor.jpeg in Resources */ = {isa = PBXBuildFile; fileRef = 0DD21071222A8E27007B9B88 /* plane_baseColor.jpeg */; };
		0DD210BC222A8E27007B9B88 /* chestMetalClosed_1_baseColor.jpeg in Resources */ = {isa = PBXBuildFile; fileRef = 0DD21072222A8E27007B9B88 /* chestMetalClosed_1_baseColor.jpeg */; };
		0DD210BD222A8E27007B9B88 /* chestMetalClosed_1_normal.png in Resources */ = {isa = PBXBuildFile; fileRef = 0DD21073222A8E27007B9B88 /* chestMetalClosed_1_normal.png */; };
		0DD210BE222A8E27007B9B88 /* chestStoneOpen_3_metallicRoughness.png in Resources */ = {isa = PBXBuildFile; fileRef = 0DD21074222A8E27007B9B88 /* chestStoneOpen_3_metallicRoughness.png */; };
		0DD210BF222A8E27007B9B88 /* chestStoneClosed_1_baseColor.jpeg in Resources */ = {isa = PBXBuildFile; fileRef = 0DD21075222A8E27007B9B88 /* chestStoneClosed_1_baseColor.jpeg */; };
		0DD210C0222A8E27007B9B88 /* chestWoodOpen_3_metallicRoughness.png in Resources */ = {isa = PBXBuildFile; fileRef = 0DD21076222A8E27007B9B88 /* chestWoodOpen_3_metallicRoughness.png */; };
		0DD210C1222A8E27007B9B88 /* chestWoodOpen_2_normal.png in Resources */ = {isa = PBXBuildFile; fileRef = 0DD21077222A8E27007B9B88 /* chestWoodOpen_2_normal.png */; };
		0DD210C2222A8E27007B9B88 /* chestStoneOpen_1_metallicRoughness.png in Resources */ = {isa = PBXBuildFile; fileRef = 0DD21078222A8E27007B9B88 /* chestStoneOpen_1_metallicRoughness.png */; };
		0DD210C3222A8E27007B9B88 /* chestWoodOpen_1_metallicRoughness.png in Resources */ = {isa = PBXBuildFile; fileRef = 0DD21079222A8E27007B9B88 /* chestWoodOpen_1_metallicRoughness.png */; };
		0DD210C4222A8E27007B9B88 /* LockStone_normal.png in Resources */ = {isa = PBXBuildFile; fileRef = 0DD2107A222A8E27007B9B88 /* LockStone_normal.png */; };
		0DD210C5222A8E27007B9B88 /* chestMetalOpen_2_normal.png in Resources */ = {isa = PBXBuildFile; fileRef = 0DD2107B222A8E27007B9B88 /* chestMetalOpen_2_normal.png */; };
		0DD210C6222A8E27007B9B88 /* LockStone_baseColor.jpeg in Resources */ = {isa = PBXBuildFile; fileRef = 0DD2107C222A8E27007B9B88 /* LockStone_baseColor.jpeg */; };
		0DD210C7222A8E27007B9B88 /* chestMetalOpen_1_metallicRoughness.png in Resources */ = {isa = PBXBuildFile; fileRef = 0DD2107D222A8E27007B9B88 /* chestMetalOpen_1_metallicRoughness.png */; };
		0DD210C8222A8E27007B9B88 /* chestMetalClosed_1_metallicRoughness.png in Resources */ = {isa = PBXBuildFile; fileRef = 0DD2107E222A8E27007B9B88 /* chestMetalClosed_1_metallicRoughness.png */; };
		0DD210C9222A8E27007B9B88 /* LockStone2_metallicRoughness.png in Resources */ = {isa = PBXBuildFile; fileRef = 0DD2107F222A8E27007B9B88 /* LockStone2_metallicRoughness.png */; };
		0DD210CA222A8E27007B9B88 /* LockMetal2_metallicRoughness.png in Resources */ = {isa = PBXBuildFile; fileRef = 0DD21080222A8E27007B9B88 /* LockMetal2_metallicRoughness.png */; };
		0DD210CB222A8E27007B9B88 /* material_baseColor.jpeg in Resources */ = {isa = PBXBuildFile; fileRef = 0DD21081222A8E27007B9B88 /* material_baseColor.jpeg */; };
		0DD210CC222A8E27007B9B88 /* chestStoneOpen_3_normal.png in Resources */ = {isa = PBXBuildFile; fileRef = 0DD21082222A8E27007B9B88 /* chestStoneOpen_3_normal.png */; };
		0DD210CD222A8E27007B9B88 /* chestWoodClosed_2_normal.png in Resources */ = {isa = PBXBuildFile; fileRef = 0DD21083222A8E27007B9B88 /* chestWoodClosed_2_normal.png */; };
		0DD210CE222A8E27007B9B88 /* Ryb2_metallicRoughness.png in Resources */ = {isa = PBXBuildFile; fileRef = 0DD21084222A8E27007B9B88 /* Ryb2_metallicRoughness.png */; };
		0DD210CF222A8E27007B9B88 /* LockWood_metallicRoughness.png in Resources */ = {isa = PBXBuildFile; fileRef = 0DD21085222A8E27007B9B88 /* LockWood_metallicRoughness.png */; };
		0DD210D0222A8E27007B9B88 /* chestStoneClosed_2_baseColor.jpeg in Resources */ = {isa = PBXBuildFile; fileRef = 0DD21086222A8E27007B9B88 /* chestStoneClosed_2_baseColor.jpeg */; };
		0DD210D1222A8E27007B9B88 /* chestStoneClosed_1_normal.png in Resources */ = {isa = PBXBuildFile; fileRef = 0DD21087222A8E27007B9B88 /* chestStoneClosed_1_normal.png */; };
		0DD210D2222A8E27007B9B88 /* LockWood_baseColor.jpeg in Resources */ = {isa = PBXBuildFile; fileRef = 0DD21088222A8E27007B9B88 /* LockWood_baseColor.jpeg */; };
		0DD210D3222A8E27007B9B88 /* plane_metallicRoughness.png in Resources */ = {isa = PBXBuildFile; fileRef = 0DD21089222A8E27007B9B88 /* plane_metallicRoughness.png */; };
		0DD210D4222A8E27007B9B88 /* chestMetalClosed_2_baseColor.jpeg in Resources */ = {isa = PBXBuildFile; fileRef = 0DD2108A222A8E27007B9B88 /* chestMetalClosed_2_baseColor.jpeg */; };
		0DD210D5222A8E27007B9B88 /* LockWood_normal.png in Resources */ = {isa = PBXBuildFile; fileRef = 0DD2108B222A8E27007B9B88 /* LockWood_normal.png */; };
		0DD210D6222A8E27007B9B88 /* chestStoneClosed_1_metallicRoughness.png in Resources */ = {isa = PBXBuildFile; fileRef = 0DD2108C222A8E27007B9B88 /* chestStoneClosed_1_metallicRoughness.png */; };
		0DD210D7222A8E27007B9B88 /* chestWoodClosed_2_metallicRoughness.png in Resources */ = {isa = PBXBuildFile; fileRef = 0DD2108D222A8E27007B9B88 /* chestWoodClosed_2_metallicRoughness.png */; };
		0DD210D8222A8E27007B9B88 /* chestMetalOpen_3_metallicRoughness.png in Resources */ = {isa = PBXBuildFile; fileRef = 0DD2108E222A8E27007B9B88 /* chestMetalOpen_3_metallicRoughness.png */; };
		0DD210D9222A8E27007B9B88 /* plane_normal.png in Resources */ = {isa = PBXBuildFile; fileRef = 0DD2108F222A8E27007B9B88 /* plane_normal.png */; };
		0DD210DA222A8E27007B9B88 /* LockMetal_baseColor.jpeg in Resources */ = {isa = PBXBuildFile; fileRef = 0DD21090222A8E27007B9B88 /* LockMetal_baseColor.jpeg */; };
		0DD210DB222A8E27007B9B88 /* LockStone_metallicRoughness.png in Resources */ = {isa = PBXBuildFile; fileRef = 0DD21091222A8E27007B9B88 /* LockStone_metallicRoughness.png */; };
		0DD210DC222A8E27007B9B88 /* LockStone2_normal.png in Resources */ = {isa = PBXBuildFile; fileRef = 0DD21092222A8E27007B9B88 /* LockStone2_normal.png */; };
		0DD210DD222A8E27007B9B88 /* LockWood2_metallicRoughness.png in Resources */ = {isa = PBXBuildFile; fileRef = 0DD21093222A8E27007B9B88 /* LockWood2_metallicRoughness.png */; };
		0DD210DE222A8E27007B9B88 /* LockMetal2_normal.png in Resources */ = {isa = PBXBuildFile; fileRef = 0DD21094222A8E27007B9B88 /* LockMetal2_normal.png */; };
		0DD210DF222A8E27007B9B88 /* chestWoodOpen_2_metallicRoughness.png in Resources */ = {isa = PBXBuildFile; fileRef = 0DD21095222A8E27007B9B88 /* chestWoodOpen_2_metallicRoughness.png */; };
		0DD210E0222A8E27007B9B88 /* LockStone2_baseColor.jpeg in Resources */ = {isa = PBXBuildFile; fileRef = 0DD21096222A8E27007B9B88 /* LockStone2_baseColor.jpeg */; };
		0DD210E1222A8E27007B9B88 /* chestStoneOpen_2_metallicRoughness.png in Resources */ = {isa = PBXBuildFile; fileRef = 0DD21097222A8E27007B9B88 /* chestStoneOpen_2_metallicRoughness.png */; };
		0DD210E2222A8E27007B9B88 /* chestMetalOpen_3_baseColor.jpeg in Resources */ = {isa = PBXBuildFile; fileRef = 0DD21098222A8E27007B9B88 /* chestMetalOpen_3_baseColor.jpeg */; };
		0DD210E3222A8E27007B9B88 /* chestWoodOpen_3_normal.png in Resources */ = {isa = PBXBuildFile; fileRef = 0DD21099222A8E27007B9B88 /* chestWoodOpen_3_normal.png */; };
		0DD210E4222A8E27007B9B88 /* chestStoneOpen_3_baseColor.jpeg in Resources */ = {isa = PBXBuildFile; fileRef = 0DD2109A222A8E27007B9B88 /* chestStoneOpen_3_baseColor.jpeg */; };
		0DD210E5222A8E27007B9B88 /* chestWoodOpen_2_baseColor.jpeg in Resources */ = {isa = PBXBuildFile; fileRef = 0DD2109B222A8E27007B9B88 /* chestWoodOpen_2_baseColor.jpeg */; };
		0DD210E6222A8E27007B9B88 /* chestMetalOpen_3_normal.png in Resources */ = {isa = PBXBuildFile; fileRef = 0DD2109C222A8E27007B9B88 /* chestMetalOpen_3_normal.png */; };
		0DD210E7222A8E27007B9B88 /* chestWoodClosed_2_baseColor.jpeg in Resources */ = {isa = PBXBuildFile; fileRef = 0DD2109D222A8E27007B9B88 /* chestWoodClosed_2_baseColor.jpeg */; };
		0DD210E8222A8E27007B9B88 /* LockWood2_baseColor.jpeg in Resources */ = {isa = PBXBuildFile; fileRef = 0DD2109E222A8E27007B9B88 /* LockWood2_baseColor.jpeg */; };
		0DD210E9222A8E27007B9B88 /* chestWoodClosed_1_normal.png in Resources */ = {isa = PBXBuildFile; fileRef = 0DD2109F222A8E27007B9B88 /* chestWoodClosed_1_normal.png */; };
		0DD210EA222A8E27007B9B88 /* LockMetal_normal.png in Resources */ = {isa = PBXBuildFile; fileRef = 0DD210A0222A8E27007B9B88 /* LockMetal_normal.png */; };
		0DD210EB222A8E27007B9B88 /* Ryb2_normal.png in Resources */ = {isa = PBXBuildFile; fileRef = 0DD210A1222A8E27007B9B88 /* Ryb2_normal.png */; };
		0DD210EC222A8E27007B9B88 /* chestMetalOpen_2_baseColor.jpeg in Resources */ = {isa = PBXBuildFile; fileRef = 0DD210A2222A8E27007B9B88 /* chestMetalOpen_2_baseColor.jpeg */; };
		0DD210ED222A8E27007B9B88 /* material_metallicRoughness.png in Resources */ = {isa = PBXBuildFile; fileRef = 0DD210A3222A8E27007B9B88 /* material_metallicRoughness.png */; };
		0DD210EE222A8E27007B9B88 /* chestWoodOpen_3_baseColor.jpeg in Resources */ = {isa = PBXBuildFile; fileRef = 0DD210A4222A8E27007B9B88 /* chestWoodOpen_3_baseColor.jpeg */; };
		0DD210EF222A8E27007B9B88 /* chestStoneOpen_2_baseColor.jpeg in Resources */ = {isa = PBXBuildFile; fileRef = 0DD210A5222A8E27007B9B88 /* chestStoneOpen_2_baseColor.jpeg */; };
		0DD210F0222A8E27007B9B88 /* chestStoneClosed_2_normal.png in Resources */ = {isa = PBXBuildFile; fileRef = 0DD210A6222A8E27007B9B88 /* chestStoneClosed_2_normal.png */; };
		0DD210F1222A8E27007B9B88 /* material_normal.png in Resources */ = {isa = PBXBuildFile; fileRef = 0DD210A7222A8E27007B9B88 /* material_normal.png */; };
		0DD210F2222A8E27007B9B88 /* chestWoodClosed_1_baseColor.jpeg in Resources */ = {isa = PBXBuildFile; fileRef = 0DD210A8222A8E27007B9B88 /* chestWoodClosed_1_baseColor.jpeg */; };
		0DD210F3222A8E27007B9B88 /* chestMetalOpen_1_normal.png in Resources */ = {isa = PBXBuildFile; fileRef = 0DD210A9222A8E27007B9B88 /* chestMetalOpen_1_normal.png */; };
		0DD210F4222A8E27007B9B88 /* chestWoodOpen_1_baseColor.jpeg in Resources */ = {isa = PBXBuildFile; fileRef = 0DD210AA222A8E27007B9B88 /* chestWoodOpen_1_baseColor.jpeg */; };
		0DD210F5222A8E27007B9B88 /* chestWoodOpen_1_normal.png in Resources */ = {isa = PBXBuildFile; fileRef = 0DD210AB222A8E27007B9B88 /* chestWoodOpen_1_normal.png */; };
		0DD210F6222A8E27007B9B88 /* chestWoodClosed_1_metallicRoughness.png in Resources */ = {isa = PBXBuildFile; fileRef = 0DD210AC222A8E27007B9B88 /* chestWoodClosed_1_metallicRoughness.png */; };
		0DD210F7222A8E27007B9B88 /* chestStoneClosed_2_metallicRoughness.png in Resources */ = {isa = PBXBuildFile; fileRef = 0DD210AD222A8E27007B9B88 /* chestStoneClosed_2_metallicRoughness.png */; };
		0DD210F8222A8E27007B9B88 /* chestStoneOpen_1_baseColor.jpeg in Resources */ = {isa = PBXBuildFile; fileRef = 0DD210AE222A8E27007B9B88 /* chestStoneOpen_1_baseColor.jpeg */; };
		0DD210F9222A8E27007B9B88 /* LockWood2_normal.png in Resources */ = {isa = PBXBuildFile; fileRef = 0DD210AF222A8E27007B9B88 /* LockWood2_normal.png */; };
		0DD210FA222A8E27007B9B88 /* chestMetalOpen_1_baseColor.jpeg in Resources */ = {isa = PBXBuildFile; fileRef = 0DD210B0222A8E27007B9B88 /* chestMetalOpen_1_baseColor.jpeg */; };
		0DD210FB222A8E27007B9B88 /* chestStoneOpen_2_normal.png in Resources */ = {isa = PBXBuildFile; fileRef = 0DD210B1222A8E27007B9B88 /* chestStoneOpen_2_normal.png */; };
		0DD210FC222A8E27007B9B88 /* LockMetal2_baseColor.jpeg in Resources */ = {isa = PBXBuildFile; fileRef = 0DD210B2222A8E27007B9B88 /* LockMetal2_baseColor.jpeg */; };
		0DD210FD222A8E27007B9B88 /* chestMetalClosed_2_normal.png in Resources */ = {isa = PBXBuildFile; fileRef = 0DD210B3222A8E27007B9B88 /* chestMetalClosed_2_normal.png */; };
		0DD210FE222A8E27007B9B88 /* Ryb2_baseColor.jpeg in Resources */ = {isa = PBXBuildFile; fileRef = 0DD210B4222A8E27007B9B88 /* Ryb2_baseColor.jpeg */; };
		0DD210FF222A8E27007B9B88 /* chestMetalClosed_2_metallicRoughness.png in Resources */ = {isa = PBXBuildFile; fileRef = 0DD210B5222A8E27007B9B88 /* chestMetalClosed_2_metallicRoughness.png */; };
		0DD21100222A8E27007B9B88 /* chestMetalOpen_2_metallicRoughness.png in Resources */ = {isa = PBXBuildFile; fileRef = 0DD210B6222A8E27007B9B88 /* chestMetalOpen_2_metallicRoughness.png */; };
		0DD21101222A8E27007B9B88 /* scene.gltf in Resources */ = {isa = PBXBuildFile; fileRef = 0DD210B7222A8E27007B9B88 /* scene.gltf */; };
		0DD21102222A8E27007B9B88 /* scene.bin in Resources */ = {isa = PBXBuildFile; fileRef = 0DD210B8222A8E27007B9B88 /* scene.bin */; };
		0DD212EA222A923A007B9B88 /* urn2.jpeg in Resources */ = {isa = PBXBuildFile; fileRef = 0DD212E3222A923A007B9B88 /* urn2.jpeg */; };
		0DD212EB222A923A007B9B88 /* urn.zip in Resources */ = {isa = PBXBuildFile; fileRef = 0DD212E5222A923A007B9B88 /* urn.zip */; };
		0DD212FF222A929D007B9B88 /* Treasure_chest_top_SpecularSmoothness.png in Resources */ = {isa = PBXBuildFile; fileRef = 0DD212F1222A929D007B9B88 /* Treasure_chest_top_SpecularSmoothness.png */; };
		0DD21300222A929D007B9B88 /* Treasure_chest_top_Emission.png in Resources */ = {isa = PBXBuildFile; fileRef = 0DD212F2222A929D007B9B88 /* Treasure_chest_top_Emission.png */; };
		0DD21301222A929D007B9B88 /* Lock_diffuse.png in Resources */ = {isa = PBXBuildFile; fileRef = 0DD212F3222A929D007B9B88 /* Lock_diffuse.png */; };
		0DD21302222A929D007B9B88 /* Treasure_chest_grip_AlbedoTransparency.png in Resources */ = {isa = PBXBuildFile; fileRef = 0DD212F4222A929D007B9B88 /* Treasure_chest_grip_AlbedoTransparency.png */; };
		0DD21303222A929D007B9B88 /* Treasure_chest_grip_base_Normal.png in Resources */ = {isa = PBXBuildFile; fileRef = 0DD212F5222A929D007B9B88 /* Treasure_chest_grip_base_Normal.png */; };
		0DD21304222A929D007B9B88 /* Treasure_chest_bot_Emission.png in Resources */ = {isa = PBXBuildFile; fileRef = 0DD212F6222A929D007B9B88 /* Treasure_chest_bot_Emission.png */; };
		0DD21305222A929D007B9B88 /* Treasure_chest_grip_base_SpecularSmoothnes.png in Resources */ = {isa = PBXBuildFile; fileRef = 0DD212F7222A929D007B9B88 /* Treasure_chest_grip_base_SpecularSmoothnes.png */; };
		0DD21306222A929D007B9B88 /* Treasure_chest_top_Normal.png in Resources */ = {isa = PBXBuildFile; fileRef = 0DD212F8222A929D007B9B88 /* Treasure_chest_top_Normal.png */; };
		0DD21307222A929D007B9B88 /* Treasure_chest_bot_Normal.png in Resources */ = {isa = PBXBuildFile; fileRef = 0DD212F9222A929D007B9B88 /* Treasure_chest_bot_Normal.png */; };
		0DD21308222A929D007B9B88 /* Treasure_chest_grip_Normal.png in Resources */ = {isa = PBXBuildFile; fileRef = 0DD212FA222A929D007B9B88 /* Treasure_chest_grip_Normal.png */; };
		0DD21309222A929D007B9B88 /* Treasure_chest_bot_SpecularSmoothness.png in Resources */ = {isa = PBXBuildFile; fileRef = 0DD212FB222A929D007B9B88 /* Treasure_chest_bot_SpecularSmoothness.png */; };
		0DD2130A222A929D007B9B88 /* Treasure_chest_grip_SpecularSmoothness.png in Resources */ = {isa = PBXBuildFile; fileRef = 0DD212FC222A929D007B9B88 /* Treasure_chest_grip_SpecularSmoothness.png */; };
		0DD2130B222A929D007B9B88 /* Treasure chest.fbx in Resources */ = {isa = PBXBuildFile; fileRef = 0DD212FE222A929D007B9B88 /* Treasure chest.fbx */; };
		0DED8BAC222E4FAC00582230 /* Cache.swift in Sources */ = {isa = PBXBuildFile; fileRef = 0DED8BAB222E4FAC00582230 /* Cache.swift */; };
/* End PBXBuildFile section */

/* Begin PBXContainerItemProxy section */
		0DA4D73C22152A2400D36D81 /* PBXContainerItemProxy */ = {
			isa = PBXContainerItemProxy;
			containerPortal = 0DA4D71D22152A2000D36D81 /* Project object */;
			proxyType = 1;
			remoteGlobalIDString = 0DA4D72422152A2000D36D81;
			remoteInfo = ARcache;
		};
		0DA4D74722152A2400D36D81 /* PBXContainerItemProxy */ = {
			isa = PBXContainerItemProxy;
			containerPortal = 0DA4D71D22152A2000D36D81 /* Project object */;
			proxyType = 1;
			remoteGlobalIDString = 0DA4D72422152A2000D36D81;
			remoteInfo = ARcache;
		};
/* End PBXContainerItemProxy section */

/* Begin PBXFileReference section */
		0D00940E223329C700417E2B /* Scan_14-45-25.arobject */ = {isa = PBXFileReference; lastKnownFileType = file; path = "Scan_14-45-25.arobject"; sourceTree = "<group>"; };
		0D00940F2233320700417E2B /* Scan_13-24-41.arobject */ = {isa = PBXFileReference; lastKnownFileType = file; path = "Scan_13-24-41.arobject"; sourceTree = "<group>"; };
		0D03EE88226BB78600C8DA27 /* Scan_14-29-26 (1).arobject */ = {isa = PBXFileReference; lastKnownFileType = file; path = "Scan_14-29-26 (1).arobject"; sourceTree = "<group>"; };
		0D03EE89226BB83900C8DA27 /* Scan_14-29-26 (1).arobject */ = {isa = PBXFileReference; lastKnownFileType = file; name = "Scan_14-29-26 (1).arobject"; path = "../../../Downloads/Scan_14-29-26 (1).arobject"; sourceTree = "<group>"; };
		0D29EDB1227524E200B53AC1 /* AVFoundation.framework */ = {isa = PBXFileReference; lastKnownFileType = wrapper.framework; name = AVFoundation.framework; path = System/Library/Frameworks/AVFoundation.framework; sourceTree = SDKROOT; };
		0D29EDB32275254B00B53AC1 /* cacheOpen.mp3 */ = {isa = PBXFileReference; lastKnownFileType = audio.mp3; path = cacheOpen.mp3; sourceTree = "<group>"; };
		0D29EDB52275255F00B53AC1 /* cacheFound.mp3 */ = {isa = PBXFileReference; lastKnownFileType = audio.mp3; path = cacheFound.mp3; sourceTree = "<group>"; };
		0D3A803A226BB4FA00364663 /* Scan_10-40-05.arobject */ = {isa = PBXFileReference; lastKnownFileType = file; path = "Scan_10-40-05.arobject"; sourceTree = "<group>"; };
		0D3A803B226BB50200364663 /* Scan_11-41-22.arobject */ = {isa = PBXFileReference; lastKnownFileType = file; path = "Scan_11-41-22.arobject"; sourceTree = "<group>"; };
		0D3A803C226BB50E00364663 /* Scan_12-37-05.arobject */ = {isa = PBXFileReference; lastKnownFileType = file; path = "Scan_12-37-05.arobject"; sourceTree = "<group>"; };
		0D3A803D226BB51800364663 /* Scan_14-29-26 (1).arobject */ = {isa = PBXFileReference; lastKnownFileType = file; path = "Scan_14-29-26 (1).arobject"; sourceTree = "<group>"; };
		0DA4D72522152A2000D36D81 /* ARcache.app */ = {isa = PBXFileReference; explicitFileType = wrapper.application; includeInIndex = 0; path = ARcache.app; sourceTree = BUILT_PRODUCTS_DIR; };
		0DA4D72822152A2000D36D81 /* AppDelegate.swift */ = {isa = PBXFileReference; lastKnownFileType = sourcecode.swift; path = AppDelegate.swift; sourceTree = "<group>"; };
		0DA4D72A22152A2000D36D81 /* art.scnassets */ = {isa = PBXFileReference; lastKnownFileType = wrapper.scnassets; path = art.scnassets; sourceTree = "<group>"; };
		0DA4D72C22152A2000D36D81 /* ViewController.swift */ = {isa = PBXFileReference; lastKnownFileType = sourcecode.swift; path = ViewController.swift; sourceTree = "<group>"; };
		0DA4D72F22152A2000D36D81 /* Base */ = {isa = PBXFileReference; lastKnownFileType = file.storyboard; name = Base; path = Base.lproj/Main.storyboard; sourceTree = "<group>"; };
		0DA4D73122152A2300D36D81 /* Assets.xcassets */ = {isa = PBXFileReference; lastKnownFileType = folder.assetcatalog; path = Assets.xcassets; sourceTree = "<group>"; };
		0DA4D73422152A2300D36D81 /* Base */ = {isa = PBXFileReference; lastKnownFileType = file.storyboard; name = Base; path = Base.lproj/LaunchScreen.storyboard; sourceTree = "<group>"; };
		0DA4D73622152A2300D36D81 /* Info.plist */ = {isa = PBXFileReference; lastKnownFileType = text.plist.xml; path = Info.plist; sourceTree = "<group>"; };
		0DA4D73B22152A2400D36D81 /* ARcacheTests.xctest */ = {isa = PBXFileReference; explicitFileType = wrapper.cfbundle; includeInIndex = 0; path = ARcacheTests.xctest; sourceTree = BUILT_PRODUCTS_DIR; };
		0DA4D73F22152A2400D36D81 /* ARcacheTests.swift */ = {isa = PBXFileReference; lastKnownFileType = sourcecode.swift; path = ARcacheTests.swift; sourceTree = "<group>"; };
		0DA4D74122152A2400D36D81 /* Info.plist */ = {isa = PBXFileReference; lastKnownFileType = text.plist.xml; path = Info.plist; sourceTree = "<group>"; };
		0DA4D74622152A2400D36D81 /* ARcacheUITests.xctest */ = {isa = PBXFileReference; explicitFileType = wrapper.cfbundle; includeInIndex = 0; path = ARcacheUITests.xctest; sourceTree = BUILT_PRODUCTS_DIR; };
		0DA4D74A22152A2400D36D81 /* ARcacheUITests.swift */ = {isa = PBXFileReference; lastKnownFileType = sourcecode.swift; path = ARcacheUITests.swift; sourceTree = "<group>"; };
		0DA4D74C22152A2400D36D81 /* Info.plist */ = {isa = PBXFileReference; lastKnownFileType = text.plist.xml; path = Info.plist; sourceTree = "<group>"; };
		0DD20E66222A374D007B9B88 /* cacheScene.sks */ = {isa = PBXFileReference; lastKnownFileType = file.sks; path = cacheScene.sks; sourceTree = "<group>"; };
		0DD20E69222A4F16007B9B88 /* IMG_0006.png */ = {isa = PBXFileReference; lastKnownFileType = image.png; path = IMG_0006.png; sourceTree = "<group>"; };
		0DD20E6B222A55EE007B9B88 /* output-onlinepngtools (1).png */ = {isa = PBXFileReference; lastKnownFileType = image.png; path = "output-onlinepngtools (1).png"; sourceTree = "<group>"; };
		0DD20E6D222A5695007B9B88 /* xmark.png */ = {isa = PBXFileReference; lastKnownFileType = image.png; path = xmark.png; sourceTree = "<group>"; };
		0DD20E6F222A56A0007B9B88 /* log.png */ = {isa = PBXFileReference; lastKnownFileType = image.png; path = log.png; sourceTree = "<group>"; };
		0DD20E71222A56A7007B9B88 /* output-onlinepngtools.png */ = {isa = PBXFileReference; lastKnownFileType = image.png; path = "output-onlinepngtools.png"; sourceTree = "<group>"; };
		0DD2106F222A8E27007B9B88 /* chestStoneOpen_1_normal.png */ = {isa = PBXFileReference; lastKnownFileType = image.png; path = chestStoneOpen_1_normal.png; sourceTree = "<group>"; };
		0DD21070222A8E27007B9B88 /* LockMetal_metallicRoughness.png */ = {isa = PBXFileReference; lastKnownFileType = image.png; path = LockMetal_metallicRoughness.png; sourceTree = "<group>"; };
		0DD21071222A8E27007B9B88 /* plane_baseColor.jpeg */ = {isa = PBXFileReference; lastKnownFileType = image.jpeg; path = plane_baseColor.jpeg; sourceTree = "<group>"; };
		0DD21072222A8E27007B9B88 /* chestMetalClosed_1_baseColor.jpeg */ = {isa = PBXFileReference; lastKnownFileType = image.jpeg; path = chestMetalClosed_1_baseColor.jpeg; sourceTree = "<group>"; };
		0DD21073222A8E27007B9B88 /* chestMetalClosed_1_normal.png */ = {isa = PBXFileReference; lastKnownFileType = image.png; path = chestMetalClosed_1_normal.png; sourceTree = "<group>"; };
		0DD21074222A8E27007B9B88 /* chestStoneOpen_3_metallicRoughness.png */ = {isa = PBXFileReference; lastKnownFileType = image.png; path = chestStoneOpen_3_metallicRoughness.png; sourceTree = "<group>"; };
		0DD21075222A8E27007B9B88 /* chestStoneClosed_1_baseColor.jpeg */ = {isa = PBXFileReference; lastKnownFileType = image.jpeg; path = chestStoneClosed_1_baseColor.jpeg; sourceTree = "<group>"; };
		0DD21076222A8E27007B9B88 /* chestWoodOpen_3_metallicRoughness.png */ = {isa = PBXFileReference; lastKnownFileType = image.png; path = chestWoodOpen_3_metallicRoughness.png; sourceTree = "<group>"; };
		0DD21077222A8E27007B9B88 /* chestWoodOpen_2_normal.png */ = {isa = PBXFileReference; lastKnownFileType = image.png; path = chestWoodOpen_2_normal.png; sourceTree = "<group>"; };
		0DD21078222A8E27007B9B88 /* chestStoneOpen_1_metallicRoughness.png */ = {isa = PBXFileReference; lastKnownFileType = image.png; path = chestStoneOpen_1_metallicRoughness.png; sourceTree = "<group>"; };
		0DD21079222A8E27007B9B88 /* chestWoodOpen_1_metallicRoughness.png */ = {isa = PBXFileReference; lastKnownFileType = image.png; path = chestWoodOpen_1_metallicRoughness.png; sourceTree = "<group>"; };
		0DD2107A222A8E27007B9B88 /* LockStone_normal.png */ = {isa = PBXFileReference; lastKnownFileType = image.png; path = LockStone_normal.png; sourceTree = "<group>"; };
		0DD2107B222A8E27007B9B88 /* chestMetalOpen_2_normal.png */ = {isa = PBXFileReference; lastKnownFileType = image.png; path = chestMetalOpen_2_normal.png; sourceTree = "<group>"; };
		0DD2107C222A8E27007B9B88 /* LockStone_baseColor.jpeg */ = {isa = PBXFileReference; lastKnownFileType = image.jpeg; path = LockStone_baseColor.jpeg; sourceTree = "<group>"; };
		0DD2107D222A8E27007B9B88 /* chestMetalOpen_1_metallicRoughness.png */ = {isa = PBXFileReference; lastKnownFileType = image.png; path = chestMetalOpen_1_metallicRoughness.png; sourceTree = "<group>"; };
		0DD2107E222A8E27007B9B88 /* chestMetalClosed_1_metallicRoughness.png */ = {isa = PBXFileReference; lastKnownFileType = image.png; path = chestMetalClosed_1_metallicRoughness.png; sourceTree = "<group>"; };
		0DD2107F222A8E27007B9B88 /* LockStone2_metallicRoughness.png */ = {isa = PBXFileReference; lastKnownFileType = image.png; path = LockStone2_metallicRoughness.png; sourceTree = "<group>"; };
		0DD21080222A8E27007B9B88 /* LockMetal2_metallicRoughness.png */ = {isa = PBXFileReference; lastKnownFileType = image.png; path = LockMetal2_metallicRoughness.png; sourceTree = "<group>"; };
		0DD21081222A8E27007B9B88 /* material_baseColor.jpeg */ = {isa = PBXFileReference; lastKnownFileType = image.jpeg; path = material_baseColor.jpeg; sourceTree = "<group>"; };
		0DD21082222A8E27007B9B88 /* chestStoneOpen_3_normal.png */ = {isa = PBXFileReference; lastKnownFileType = image.png; path = chestStoneOpen_3_normal.png; sourceTree = "<group>"; };
		0DD21083222A8E27007B9B88 /* chestWoodClosed_2_normal.png */ = {isa = PBXFileReference; lastKnownFileType = image.png; path = chestWoodClosed_2_normal.png; sourceTree = "<group>"; };
		0DD21084222A8E27007B9B88 /* Ryb2_metallicRoughness.png */ = {isa = PBXFileReference; lastKnownFileType = image.png; path = Ryb2_metallicRoughness.png; sourceTree = "<group>"; };
		0DD21085222A8E27007B9B88 /* LockWood_metallicRoughness.png */ = {isa = PBXFileReference; lastKnownFileType = image.png; path = LockWood_metallicRoughness.png; sourceTree = "<group>"; };
		0DD21086222A8E27007B9B88 /* chestStoneClosed_2_baseColor.jpeg */ = {isa = PBXFileReference; lastKnownFileType = image.jpeg; path = chestStoneClosed_2_baseColor.jpeg; sourceTree = "<group>"; };
		0DD21087222A8E27007B9B88 /* chestStoneClosed_1_normal.png */ = {isa = PBXFileReference; lastKnownFileType = image.png; path = chestStoneClosed_1_normal.png; sourceTree = "<group>"; };
		0DD21088222A8E27007B9B88 /* LockWood_baseColor.jpeg */ = {isa = PBXFileReference; lastKnownFileType = image.jpeg; path = LockWood_baseColor.jpeg; sourceTree = "<group>"; };
		0DD21089222A8E27007B9B88 /* plane_metallicRoughness.png */ = {isa = PBXFileReference; lastKnownFileType = image.png; path = plane_metallicRoughness.png; sourceTree = "<group>"; };
		0DD2108A222A8E27007B9B88 /* chestMetalClosed_2_baseColor.jpeg */ = {isa = PBXFileReference; lastKnownFileType = image.jpeg; path = chestMetalClosed_2_baseColor.jpeg; sourceTree = "<group>"; };
		0DD2108B222A8E27007B9B88 /* LockWood_normal.png */ = {isa = PBXFileReference; lastKnownFileType = image.png; path = LockWood_normal.png; sourceTree = "<group>"; };
		0DD2108C222A8E27007B9B88 /* chestStoneClosed_1_metallicRoughness.png */ = {isa = PBXFileReference; lastKnownFileType = image.png; path = chestStoneClosed_1_metallicRoughness.png; sourceTree = "<group>"; };
		0DD2108D222A8E27007B9B88 /* chestWoodClosed_2_metallicRoughness.png */ = {isa = PBXFileReference; lastKnownFileType = image.png; path = chestWoodClosed_2_metallicRoughness.png; sourceTree = "<group>"; };
		0DD2108E222A8E27007B9B88 /* chestMetalOpen_3_metallicRoughness.png */ = {isa = PBXFileReference; lastKnownFileType = image.png; path = chestMetalOpen_3_metallicRoughness.png; sourceTree = "<group>"; };
		0DD2108F222A8E27007B9B88 /* plane_normal.png */ = {isa = PBXFileReference; lastKnownFileType = image.png; path = plane_normal.png; sourceTree = "<group>"; };
		0DD21090222A8E27007B9B88 /* LockMetal_baseColor.jpeg */ = {isa = PBXFileReference; lastKnownFileType = image.jpeg; path = LockMetal_baseColor.jpeg; sourceTree = "<group>"; };
		0DD21091222A8E27007B9B88 /* LockStone_metallicRoughness.png */ = {isa = PBXFileReference; lastKnownFileType = image.png; path = LockStone_metallicRoughness.png; sourceTree = "<group>"; };
		0DD21092222A8E27007B9B88 /* LockStone2_normal.png */ = {isa = PBXFileReference; lastKnownFileType = image.png; path = LockStone2_normal.png; sourceTree = "<group>"; };
		0DD21093222A8E27007B9B88 /* LockWood2_metallicRoughness.png */ = {isa = PBXFileReference; lastKnownFileType = image.png; path = LockWood2_metallicRoughness.png; sourceTree = "<group>"; };
		0DD21094222A8E27007B9B88 /* LockMetal2_normal.png */ = {isa = PBXFileReference; lastKnownFileType = image.png; path = LockMetal2_normal.png; sourceTree = "<group>"; };
		0DD21095222A8E27007B9B88 /* chestWoodOpen_2_metallicRoughness.png */ = {isa = PBXFileReference; lastKnownFileType = image.png; path = chestWoodOpen_2_metallicRoughness.png; sourceTree = "<group>"; };
		0DD21096222A8E27007B9B88 /* LockStone2_baseColor.jpeg */ = {isa = PBXFileReference; lastKnownFileType = image.jpeg; path = LockStone2_baseColor.jpeg; sourceTree = "<group>"; };
		0DD21097222A8E27007B9B88 /* chestStoneOpen_2_metallicRoughness.png */ = {isa = PBXFileReference; lastKnownFileType = image.png; path = chestStoneOpen_2_metallicRoughness.png; sourceTree = "<group>"; };
		0DD21098222A8E27007B9B88 /* chestMetalOpen_3_baseColor.jpeg */ = {isa = PBXFileReference; lastKnownFileType = image.jpeg; path = chestMetalOpen_3_baseColor.jpeg; sourceTree = "<group>"; };
		0DD21099222A8E27007B9B88 /* chestWoodOpen_3_normal.png */ = {isa = PBXFileReference; lastKnownFileType = image.png; path = chestWoodOpen_3_normal.png; sourceTree = "<group>"; };
		0DD2109A222A8E27007B9B88 /* chestStoneOpen_3_baseColor.jpeg */ = {isa = PBXFileReference; lastKnownFileType = image.jpeg; path = chestStoneOpen_3_baseColor.jpeg; sourceTree = "<group>"; };
		0DD2109B222A8E27007B9B88 /* chestWoodOpen_2_baseColor.jpeg */ = {isa = PBXFileReference; lastKnownFileType = image.jpeg; path = chestWoodOpen_2_baseColor.jpeg; sourceTree = "<group>"; };
		0DD2109C222A8E27007B9B88 /* chestMetalOpen_3_normal.png */ = {isa = PBXFileReference; lastKnownFileType = image.png; path = chestMetalOpen_3_normal.png; sourceTree = "<group>"; };
		0DD2109D222A8E27007B9B88 /* chestWoodClosed_2_baseColor.jpeg */ = {isa = PBXFileReference; lastKnownFileType = image.jpeg; path = chestWoodClosed_2_baseColor.jpeg; sourceTree = "<group>"; };
		0DD2109E222A8E27007B9B88 /* LockWood2_baseColor.jpeg */ = {isa = PBXFileReference; lastKnownFileType = image.jpeg; path = LockWood2_baseColor.jpeg; sourceTree = "<group>"; };
		0DD2109F222A8E27007B9B88 /* chestWoodClosed_1_normal.png */ = {isa = PBXFileReference; lastKnownFileType = image.png; path = chestWoodClosed_1_normal.png; sourceTree = "<group>"; };
		0DD210A0222A8E27007B9B88 /* LockMetal_normal.png */ = {isa = PBXFileReference; lastKnownFileType = image.png; path = LockMetal_normal.png; sourceTree = "<group>"; };
		0DD210A1222A8E27007B9B88 /* Ryb2_normal.png */ = {isa = PBXFileReference; lastKnownFileType = image.png; path = Ryb2_normal.png; sourceTree = "<group>"; };
		0DD210A2222A8E27007B9B88 /* chestMetalOpen_2_baseColor.jpeg */ = {isa = PBXFileReference; lastKnownFileType = image.jpeg; path = chestMetalOpen_2_baseColor.jpeg; sourceTree = "<group>"; };
		0DD210A3222A8E27007B9B88 /* material_metallicRoughness.png */ = {isa = PBXFileReference; lastKnownFileType = image.png; path = material_metallicRoughness.png; sourceTree = "<group>"; };
		0DD210A4222A8E27007B9B88 /* chestWoodOpen_3_baseColor.jpeg */ = {isa = PBXFileReference; lastKnownFileType = image.jpeg; path = chestWoodOpen_3_baseColor.jpeg; sourceTree = "<group>"; };
		0DD210A5222A8E27007B9B88 /* chestStoneOpen_2_baseColor.jpeg */ = {isa = PBXFileReference; lastKnownFileType = image.jpeg; path = chestStoneOpen_2_baseColor.jpeg; sourceTree = "<group>"; };
		0DD210A6222A8E27007B9B88 /* chestStoneClosed_2_normal.png */ = {isa = PBXFileReference; lastKnownFileType = image.png; path = chestStoneClosed_2_normal.png; sourceTree = "<group>"; };
		0DD210A7222A8E27007B9B88 /* material_normal.png */ = {isa = PBXFileReference; lastKnownFileType = image.png; path = material_normal.png; sourceTree = "<group>"; };
		0DD210A8222A8E27007B9B88 /* chestWoodClosed_1_baseColor.jpeg */ = {isa = PBXFileReference; lastKnownFileType = image.jpeg; path = chestWoodClosed_1_baseColor.jpeg; sourceTree = "<group>"; };
		0DD210A9222A8E27007B9B88 /* chestMetalOpen_1_normal.png */ = {isa = PBXFileReference; lastKnownFileType = image.png; path = chestMetalOpen_1_normal.png; sourceTree = "<group>"; };
		0DD210AA222A8E27007B9B88 /* chestWoodOpen_1_baseColor.jpeg */ = {isa = PBXFileReference; lastKnownFileType = image.jpeg; path = chestWoodOpen_1_baseColor.jpeg; sourceTree = "<group>"; };
		0DD210AB222A8E27007B9B88 /* chestWoodOpen_1_normal.png */ = {isa = PBXFileReference; lastKnownFileType = image.png; path = chestWoodOpen_1_normal.png; sourceTree = "<group>"; };
		0DD210AC222A8E27007B9B88 /* chestWoodClosed_1_metallicRoughness.png */ = {isa = PBXFileReference; lastKnownFileType = image.png; path = chestWoodClosed_1_metallicRoughness.png; sourceTree = "<group>"; };
		0DD210AD222A8E27007B9B88 /* chestStoneClosed_2_metallicRoughness.png */ = {isa = PBXFileReference; lastKnownFileType = image.png; path = chestStoneClosed_2_metallicRoughness.png; sourceTree = "<group>"; };
		0DD210AE222A8E27007B9B88 /* chestStoneOpen_1_baseColor.jpeg */ = {isa = PBXFileReference; lastKnownFileType = image.jpeg; path = chestStoneOpen_1_baseColor.jpeg; sourceTree = "<group>"; };
		0DD210AF222A8E27007B9B88 /* LockWood2_normal.png */ = {isa = PBXFileReference; lastKnownFileType = image.png; path = LockWood2_normal.png; sourceTree = "<group>"; };
		0DD210B0222A8E27007B9B88 /* chestMetalOpen_1_baseColor.jpeg */ = {isa = PBXFileReference; lastKnownFileType = image.jpeg; path = chestMetalOpen_1_baseColor.jpeg; sourceTree = "<group>"; };
		0DD210B1222A8E27007B9B88 /* chestStoneOpen_2_normal.png */ = {isa = PBXFileReference; lastKnownFileType = image.png; path = chestStoneOpen_2_normal.png; sourceTree = "<group>"; };
		0DD210B2222A8E27007B9B88 /* LockMetal2_baseColor.jpeg */ = {isa = PBXFileReference; lastKnownFileType = image.jpeg; path = LockMetal2_baseColor.jpeg; sourceTree = "<group>"; };
		0DD210B3222A8E27007B9B88 /* chestMetalClosed_2_normal.png */ = {isa = PBXFileReference; lastKnownFileType = image.png; path = chestMetalClosed_2_normal.png; sourceTree = "<group>"; };
		0DD210B4222A8E27007B9B88 /* Ryb2_baseColor.jpeg */ = {isa = PBXFileReference; lastKnownFileType = image.jpeg; path = Ryb2_baseColor.jpeg; sourceTree = "<group>"; };
		0DD210B5222A8E27007B9B88 /* chestMetalClosed_2_metallicRoughness.png */ = {isa = PBXFileReference; lastKnownFileType = image.png; path = chestMetalClosed_2_metallicRoughness.png; sourceTree = "<group>"; };
		0DD210B6222A8E27007B9B88 /* chestMetalOpen_2_metallicRoughness.png */ = {isa = PBXFileReference; lastKnownFileType = image.png; path = chestMetalOpen_2_metallicRoughness.png; sourceTree = "<group>"; };
		0DD210B7222A8E27007B9B88 /* scene.gltf */ = {isa = PBXFileReference; fileEncoding = 4; lastKnownFileType = text; path = scene.gltf; sourceTree = "<group>"; };
		0DD210B8222A8E27007B9B88 /* scene.bin */ = {isa = PBXFileReference; lastKnownFileType = archive.macbinary; path = scene.bin; sourceTree = "<group>"; };
		0DD21103222A8E5C007B9B88 /* scene.bin.cpgz */ = {isa = PBXFileReference; lastKnownFileType = file; path = scene.bin.cpgz; sourceTree = "<group>"; };
		0DD212E3222A923A007B9B88 /* urn2.jpeg */ = {isa = PBXFileReference; lastKnownFileType = image.jpeg; path = urn2.jpeg; sourceTree = "<group>"; };
		0DD212E5222A923A007B9B88 /* urn.zip */ = {isa = PBXFileReference; lastKnownFileType = archive.zip; path = urn.zip; sourceTree = "<group>"; };
		0DD212F1222A929D007B9B88 /* Treasure_chest_top_SpecularSmoothness.png */ = {isa = PBXFileReference; lastKnownFileType = image.png; path = Treasure_chest_top_SpecularSmoothness.png; sourceTree = "<group>"; };
		0DD212F2222A929D007B9B88 /* Treasure_chest_top_Emission.png */ = {isa = PBXFileReference; lastKnownFileType = image.png; path = Treasure_chest_top_Emission.png; sourceTree = "<group>"; };
		0DD212F3222A929D007B9B88 /* Lock_diffuse.png */ = {isa = PBXFileReference; lastKnownFileType = image.png; path = Lock_diffuse.png; sourceTree = "<group>"; };
		0DD212F4222A929D007B9B88 /* Treasure_chest_grip_AlbedoTransparency.png */ = {isa = PBXFileReference; lastKnownFileType = image.png; path = Treasure_chest_grip_AlbedoTransparency.png; sourceTree = "<group>"; };
		0DD212F5222A929D007B9B88 /* Treasure_chest_grip_base_Normal.png */ = {isa = PBXFileReference; lastKnownFileType = image.png; path = Treasure_chest_grip_base_Normal.png; sourceTree = "<group>"; };
		0DD212F6222A929D007B9B88 /* Treasure_chest_bot_Emission.png */ = {isa = PBXFileReference; lastKnownFileType = image.png; path = Treasure_chest_bot_Emission.png; sourceTree = "<group>"; };
		0DD212F7222A929D007B9B88 /* Treasure_chest_grip_base_SpecularSmoothnes.png */ = {isa = PBXFileReference; lastKnownFileType = image.png; path = Treasure_chest_grip_base_SpecularSmoothnes.png; sourceTree = "<group>"; };
		0DD212F8222A929D007B9B88 /* Treasure_chest_top_Normal.png */ = {isa = PBXFileReference; lastKnownFileType = image.png; path = Treasure_chest_top_Normal.png; sourceTree = "<group>"; };
		0DD212F9222A929D007B9B88 /* Treasure_chest_bot_Normal.png */ = {isa = PBXFileReference; lastKnownFileType = image.png; path = Treasure_chest_bot_Normal.png; sourceTree = "<group>"; };
		0DD212FA222A929D007B9B88 /* Treasure_chest_grip_Normal.png */ = {isa = PBXFileReference; lastKnownFileType = image.png; path = Treasure_chest_grip_Normal.png; sourceTree = "<group>"; };
		0DD212FB222A929D007B9B88 /* Treasure_chest_bot_SpecularSmoothness.png */ = {isa = PBXFileReference; lastKnownFileType = image.png; path = Treasure_chest_bot_SpecularSmoothness.png; sourceTree = "<group>"; };
		0DD212FC222A929D007B9B88 /* Treasure_chest_grip_SpecularSmoothness.png */ = {isa = PBXFileReference; lastKnownFileType = image.png; path = Treasure_chest_grip_SpecularSmoothness.png; sourceTree = "<group>"; };
		0DD212FE222A929D007B9B88 /* Treasure chest.fbx */ = {isa = PBXFileReference; fileEncoding = 4; lastKnownFileType = text; path = "Treasure chest.fbx"; sourceTree = "<group>"; };
		0DE77DE02229E5BE00682B87 /* Scan_12-57-24.arobject */ = {isa = PBXFileReference; lastKnownFileType = file; path = "Scan_12-57-24.arobject"; sourceTree = "<group>"; };
		0DED8BAB222E4FAC00582230 /* Cache.swift */ = {isa = PBXFileReference; lastKnownFileType = sourcecode.swift; path = Cache.swift; sourceTree = "<group>"; };
/* End PBXFileReference section */

/* Begin PBXFrameworksBuildPhase section */
		0DA4D72222152A2000D36D81 /* Frameworks */ = {
			isa = PBXFrameworksBuildPhase;
			buildActionMask = 2147483647;
			files = (
				0D29EDB2227524E200B53AC1 /* AVFoundation.framework in Frameworks */,
			);
			runOnlyForDeploymentPostprocessing = 0;
		};
		0DA4D73822152A2400D36D81 /* Frameworks */ = {
			isa = PBXFrameworksBuildPhase;
			buildActionMask = 2147483647;
			files = (
			);
			runOnlyForDeploymentPostprocessing = 0;
		};
		0DA4D74322152A2400D36D81 /* Frameworks */ = {
			isa = PBXFrameworksBuildPhase;
			buildActionMask = 2147483647;
			files = (
			);
			runOnlyForDeploymentPostprocessing = 0;
		};
/* End PBXFrameworksBuildPhase section */

/* Begin PBXGroup section */
		0D29EDB0227524E200B53AC1 /* Frameworks */ = {
			isa = PBXGroup;
			children = (
				0D29EDB1227524E200B53AC1 /* AVFoundation.framework */,
			);
			name = Frameworks;
			sourceTree = "<group>";
		};
		0DA4D71C22152A2000D36D81 = {
			isa = PBXGroup;
			children = (
				0DA4D72722152A2000D36D81 /* ARcache */,
				0DA4D73E22152A2400D36D81 /* ARcacheTests */,
				0DA4D74922152A2400D36D81 /* ARcacheUITests */,
				0DA4D72622152A2000D36D81 /* Products */,
				0D29EDB0227524E200B53AC1 /* Frameworks */,
			);
			sourceTree = "<group>";
		};
		0DA4D72622152A2000D36D81 /* Products */ = {
			isa = PBXGroup;
			children = (
				0DA4D72522152A2000D36D81 /* ARcache.app */,
				0DA4D73B22152A2400D36D81 /* ARcacheTests.xctest */,
				0DA4D74622152A2400D36D81 /* ARcacheUITests.xctest */,
			);
			name = Products;
			sourceTree = "<group>";
		};
		0DA4D72722152A2000D36D81 /* ARcache */ = {
			isa = PBXGroup;
			children = (
				0D29EDB52275255F00B53AC1 /* cacheFound.mp3 */,
				0D29EDB32275254B00B53AC1 /* cacheOpen.mp3 */,
				0D3A803D226BB51800364663 /* Scan_14-29-26 (1).arobject */,
				0D03EE89226BB83900C8DA27 /* Scan_14-29-26 (1).arobject */,
				0D3A803C226BB50E00364663 /* Scan_12-37-05.arobject */,
				0D03EE88226BB78600C8DA27 /* Scan_14-29-26 (1).arobject */,
				0D3A803B226BB50200364663 /* Scan_11-41-22.arobject */,
				0D3A803A226BB4FA00364663 /* Scan_10-40-05.arobject */,
				0DD212EF222A929D007B9B88 /* magic-treasure-chest */,
				0DD212E1222A9239007B9B88 /* burial-chest */,
				0DD2106D222A8E27007B9B88 /* treasure_chest_pack */,
				0DD20E6D222A5695007B9B88 /* xmark.png */,
				0DD20E6F222A56A0007B9B88 /* log.png */,
				0DD20E71222A56A7007B9B88 /* output-onlinepngtools.png */,
				0DA4D72822152A2000D36D81 /* AppDelegate.swift */,
				0DD2130C222A92A9007B9B88 /* jewelry-chest */,
				0DD20E69222A4F16007B9B88 /* IMG_0006.png */,
				0DE77DE02229E5BE00682B87 /* Scan_12-57-24.arobject */,
				0DA4D72A22152A2000D36D81 /* art.scnassets */,
				0DA4D72C22152A2000D36D81 /* ViewController.swift */,
				0D00940E223329C700417E2B /* Scan_14-45-25.arobject */,
				0D00940F2233320700417E2B /* Scan_13-24-41.arobject */,
				0DD20E66222A374D007B9B88 /* cacheScene.sks */,
				0DD20E6B222A55EE007B9B88 /* output-onlinepngtools (1).png */,
				0DA4D72E22152A2000D36D81 /* Main.storyboard */,
				0DA4D73122152A2300D36D81 /* Assets.xcassets */,
				0DD20E1F2229F408007B9B88 /* New Group */,
				0DA4D73322152A2300D36D81 /* LaunchScreen.storyboard */,
				0DA4D73622152A2300D36D81 /* Info.plist */,
				0DED8BAB222E4FAC00582230 /* Cache.swift */,
			);
			path = ARcache;
			sourceTree = "<group>";
		};
		0DA4D73E22152A2400D36D81 /* ARcacheTests */ = {
			isa = PBXGroup;
			children = (
				0DA4D73F22152A2400D36D81 /* ARcacheTests.swift */,
				0DA4D74122152A2400D36D81 /* Info.plist */,
			);
			path = ARcacheTests;
			sourceTree = "<group>";
		};
		0DA4D74922152A2400D36D81 /* ARcacheUITests */ = {
			isa = PBXGroup;
			children = (
				0DA4D74A22152A2400D36D81 /* ARcacheUITests.swift */,
				0DA4D74C22152A2400D36D81 /* Info.plist */,
			);
			path = ARcacheUITests;
			sourceTree = "<group>";
		};
		0DD20E1F2229F408007B9B88 /* New Group */ = {
			isa = PBXGroup;
			children = (
			);
			path = "New Group";
			sourceTree = "<group>";
		};
		0DD2106D222A8E27007B9B88 /* treasure_chest_pack */ = {
			isa = PBXGroup;
			children = (
				0DD21103222A8E5C007B9B88 /* scene.bin.cpgz */,
				0DD2106E222A8E27007B9B88 /* textures */,
				0DD210B7222A8E27007B9B88 /* scene.gltf */,
				0DD210B8222A8E27007B9B88 /* scene.bin */,
			);
			path = treasure_chest_pack;
			sourceTree = "<group>";
		};
		0DD2106E222A8E27007B9B88 /* textures */ = {
			isa = PBXGroup;
			children = (
				0DD2106F222A8E27007B9B88 /* chestStoneOpen_1_normal.png */,
				0DD21070222A8E27007B9B88 /* LockMetal_metallicRoughness.png */,
				0DD21071222A8E27007B9B88 /* plane_baseColor.jpeg */,
				0DD21072222A8E27007B9B88 /* chestMetalClosed_1_baseColor.jpeg */,
				0DD21073222A8E27007B9B88 /* chestMetalClosed_1_normal.png */,
				0DD21074222A8E27007B9B88 /* chestStoneOpen_3_metallicRoughness.png */,
				0DD21075222A8E27007B9B88 /* chestStoneClosed_1_baseColor.jpeg */,
				0DD21076222A8E27007B9B88 /* chestWoodOpen_3_metallicRoughness.png */,
				0DD21077222A8E27007B9B88 /* chestWoodOpen_2_normal.png */,
				0DD21078222A8E27007B9B88 /* chestStoneOpen_1_metallicRoughness.png */,
				0DD21079222A8E27007B9B88 /* chestWoodOpen_1_metallicRoughness.png */,
				0DD2107A222A8E27007B9B88 /* LockStone_normal.png */,
				0DD2107B222A8E27007B9B88 /* chestMetalOpen_2_normal.png */,
				0DD2107C222A8E27007B9B88 /* LockStone_baseColor.jpeg */,
				0DD2107D222A8E27007B9B88 /* chestMetalOpen_1_metallicRoughness.png */,
				0DD2107E222A8E27007B9B88 /* chestMetalClosed_1_metallicRoughness.png */,
				0DD2107F222A8E27007B9B88 /* LockStone2_metallicRoughness.png */,
				0DD21080222A8E27007B9B88 /* LockMetal2_metallicRoughness.png */,
				0DD21081222A8E27007B9B88 /* material_baseColor.jpeg */,
				0DD21082222A8E27007B9B88 /* chestStoneOpen_3_normal.png */,
				0DD21083222A8E27007B9B88 /* chestWoodClosed_2_normal.png */,
				0DD21084222A8E27007B9B88 /* Ryb2_metallicRoughness.png */,
				0DD21085222A8E27007B9B88 /* LockWood_metallicRoughness.png */,
				0DD21086222A8E27007B9B88 /* chestStoneClosed_2_baseColor.jpeg */,
				0DD21087222A8E27007B9B88 /* chestStoneClosed_1_normal.png */,
				0DD21088222A8E27007B9B88 /* LockWood_baseColor.jpeg */,
				0DD21089222A8E27007B9B88 /* plane_metallicRoughness.png */,
				0DD2108A222A8E27007B9B88 /* chestMetalClosed_2_baseColor.jpeg */,
				0DD2108B222A8E27007B9B88 /* LockWood_normal.png */,
				0DD2108C222A8E27007B9B88 /* chestStoneClosed_1_metallicRoughness.png */,
				0DD2108D222A8E27007B9B88 /* chestWoodClosed_2_metallicRoughness.png */,
				0DD2108E222A8E27007B9B88 /* chestMetalOpen_3_metallicRoughness.png */,
				0DD2108F222A8E27007B9B88 /* plane_normal.png */,
				0DD21090222A8E27007B9B88 /* LockMetal_baseColor.jpeg */,
				0DD21091222A8E27007B9B88 /* LockStone_metallicRoughness.png */,
				0DD21092222A8E27007B9B88 /* LockStone2_normal.png */,
				0DD21093222A8E27007B9B88 /* LockWood2_metallicRoughness.png */,
				0DD21094222A8E27007B9B88 /* LockMetal2_normal.png */,
				0DD21095222A8E27007B9B88 /* chestWoodOpen_2_metallicRoughness.png */,
				0DD21096222A8E27007B9B88 /* LockStone2_baseColor.jpeg */,
				0DD21097222A8E27007B9B88 /* chestStoneOpen_2_metallicRoughness.png */,
				0DD21098222A8E27007B9B88 /* chestMetalOpen_3_baseColor.jpeg */,
				0DD21099222A8E27007B9B88 /* chestWoodOpen_3_normal.png */,
				0DD2109A222A8E27007B9B88 /* chestStoneOpen_3_baseColor.jpeg */,
				0DD2109B222A8E27007B9B88 /* chestWoodOpen_2_baseColor.jpeg */,
				0DD2109C222A8E27007B9B88 /* chestMetalOpen_3_normal.png */,
				0DD2109D222A8E27007B9B88 /* chestWoodClosed_2_baseColor.jpeg */,
				0DD2109E222A8E27007B9B88 /* LockWood2_baseColor.jpeg */,
				0DD2109F222A8E27007B9B88 /* chestWoodClosed_1_normal.png */,
				0DD210A0222A8E27007B9B88 /* LockMetal_normal.png */,
				0DD210A1222A8E27007B9B88 /* Ryb2_normal.png */,
				0DD210A2222A8E27007B9B88 /* chestMetalOpen_2_baseColor.jpeg */,
				0DD210A3222A8E27007B9B88 /* material_metallicRoughness.png */,
				0DD210A4222A8E27007B9B88 /* chestWoodOpen_3_baseColor.jpeg */,
				0DD210A5222A8E27007B9B88 /* chestStoneOpen_2_baseColor.jpeg */,
				0DD210A6222A8E27007B9B88 /* chestStoneClosed_2_normal.png */,
				0DD210A7222A8E27007B9B88 /* material_normal.png */,
				0DD210A8222A8E27007B9B88 /* chestWoodClosed_1_baseColor.jpeg */,
				0DD210A9222A8E27007B9B88 /* chestMetalOpen_1_normal.png */,
				0DD210AA222A8E27007B9B88 /* chestWoodOpen_1_baseColor.jpeg */,
				0DD210AB222A8E27007B9B88 /* chestWoodOpen_1_normal.png */,
				0DD210AC222A8E27007B9B88 /* chestWoodClosed_1_metallicRoughness.png */,
				0DD210AD222A8E27007B9B88 /* chestStoneClosed_2_metallicRoughness.png */,
				0DD210AE222A8E27007B9B88 /* chestStoneOpen_1_baseColor.jpeg */,
				0DD210AF222A8E27007B9B88 /* LockWood2_normal.png */,
				0DD210B0222A8E27007B9B88 /* chestMetalOpen_1_baseColor.jpeg */,
				0DD210B1222A8E27007B9B88 /* chestStoneOpen_2_normal.png */,
				0DD210B2222A8E27007B9B88 /* LockMetal2_baseColor.jpeg */,
				0DD210B3222A8E27007B9B88 /* chestMetalClosed_2_normal.png */,
				0DD210B4222A8E27007B9B88 /* Ryb2_baseColor.jpeg */,
				0DD210B5222A8E27007B9B88 /* chestMetalClosed_2_metallicRoughness.png */,
				0DD210B6222A8E27007B9B88 /* chestMetalOpen_2_metallicRoughness.png */,
			);
			path = textures;
			sourceTree = "<group>";
		};
		0DD212E1222A9239007B9B88 /* burial-chest */ = {
			isa = PBXGroup;
			children = (
				0DD212E2222A923A007B9B88 /* textures */,
				0DD212E4222A923A007B9B88 /* source */,
			);
			path = "burial-chest";
			sourceTree = "<group>";
		};
		0DD212E2222A923A007B9B88 /* textures */ = {
			isa = PBXGroup;
			children = (
				0DD212E3222A923A007B9B88 /* urn2.jpeg */,
			);
			path = textures;
			sourceTree = "<group>";
		};
		0DD212E4222A923A007B9B88 /* source */ = {
			isa = PBXGroup;
			children = (
				0DD212E5222A923A007B9B88 /* urn.zip */,
			);
			path = source;
			sourceTree = "<group>";
		};
		0DD212EF222A929D007B9B88 /* magic-treasure-chest */ = {
			isa = PBXGroup;
			children = (
				0DD212F0222A929D007B9B88 /* textures */,
				0DD212FD222A929D007B9B88 /* source */,
			);
			path = "magic-treasure-chest";
			sourceTree = "<group>";
		};
		0DD212F0222A929D007B9B88 /* textures */ = {
			isa = PBXGroup;
			children = (
				0DD212F1222A929D007B9B88 /* Treasure_chest_top_SpecularSmoothness.png */,
				0DD212F2222A929D007B9B88 /* Treasure_chest_top_Emission.png */,
				0DD212F3222A929D007B9B88 /* Lock_diffuse.png */,
				0DD212F4222A929D007B9B88 /* Treasure_chest_grip_AlbedoTransparency.png */,
				0DD212F5222A929D007B9B88 /* Treasure_chest_grip_base_Normal.png */,
				0DD212F6222A929D007B9B88 /* Treasure_chest_bot_Emission.png */,
				0DD212F7222A929D007B9B88 /* Treasure_chest_grip_base_SpecularSmoothnes.png */,
				0DD212F8222A929D007B9B88 /* Treasure_chest_top_Normal.png */,
				0DD212F9222A929D007B9B88 /* Treasure_chest_bot_Normal.png */,
				0DD212FA222A929D007B9B88 /* Treasure_chest_grip_Normal.png */,
				0DD212FB222A929D007B9B88 /* Treasure_chest_bot_SpecularSmoothness.png */,
				0DD212FC222A929D007B9B88 /* Treasure_chest_grip_SpecularSmoothness.png */,
			);
			path = textures;
			sourceTree = "<group>";
		};
		0DD212FD222A929D007B9B88 /* source */ = {
			isa = PBXGroup;
			children = (
				0DD212FE222A929D007B9B88 /* Treasure chest.fbx */,
			);
			path = source;
			sourceTree = "<group>";
		};
		0DD2130C222A92A9007B9B88 /* jewelry-chest */ = {
			isa = PBXGroup;
			children = (
				0DD2130D222A92A9007B9B88 /* textures */,
				0DD21312222A92A9007B9B88 /* source */,
			);
			path = "jewelry-chest";
			sourceTree = "<group>";
		};
		0DD2130D222A92A9007B9B88 /* textures */ = {
			isa = PBXGroup;
			children = (
			);
			path = textures;
			sourceTree = "<group>";
		};
		0DD21312222A92A9007B9B88 /* source */ = {
			isa = PBXGroup;
			children = (
			);
			path = source;
			sourceTree = "<group>";
		};
/* End PBXGroup section */

/* Begin PBXNativeTarget section */
		0DA4D72422152A2000D36D81 /* ARcache */ = {
			isa = PBXNativeTarget;
			buildConfigurationList = 0DA4D74F22152A2400D36D81 /* Build configuration list for PBXNativeTarget "ARcache" */;
			buildPhases = (
				0DA4D72122152A2000D36D81 /* Sources */,
				0DA4D72222152A2000D36D81 /* Frameworks */,
				0DA4D72322152A2000D36D81 /* Resources */,
			);
			buildRules = (
			);
			dependencies = (
			);
			name = ARcache;
			productName = ARcache;
			productReference = 0DA4D72522152A2000D36D81 /* ARcache.app */;
			productType = "com.apple.product-type.application";
		};
		0DA4D73A22152A2400D36D81 /* ARcacheTests */ = {
			isa = PBXNativeTarget;
			buildConfigurationList = 0DA4D75222152A2400D36D81 /* Build configuration list for PBXNativeTarget "ARcacheTests" */;
			buildPhases = (
				0DA4D73722152A2400D36D81 /* Sources */,
				0DA4D73822152A2400D36D81 /* Frameworks */,
				0DA4D73922152A2400D36D81 /* Resources */,
			);
			buildRules = (
			);
			dependencies = (
				0DA4D73D22152A2400D36D81 /* PBXTargetDependency */,
			);
			name = ARcacheTests;
			productName = ARcacheTests;
			productReference = 0DA4D73B22152A2400D36D81 /* ARcacheTests.xctest */;
			productType = "com.apple.product-type.bundle.unit-test";
		};
		0DA4D74522152A2400D36D81 /* ARcacheUITests */ = {
			isa = PBXNativeTarget;
			buildConfigurationList = 0DA4D75522152A2400D36D81 /* Build configuration list for PBXNativeTarget "ARcacheUITests" */;
			buildPhases = (
				0DA4D74222152A2400D36D81 /* Sources */,
				0DA4D74322152A2400D36D81 /* Frameworks */,
				0DA4D74422152A2400D36D81 /* Resources */,
			);
			buildRules = (
			);
			dependencies = (
				0DA4D74822152A2400D36D81 /* PBXTargetDependency */,
			);
			name = ARcacheUITests;
			productName = ARcacheUITests;
			productReference = 0DA4D74622152A2400D36D81 /* ARcacheUITests.xctest */;
			productType = "com.apple.product-type.bundle.ui-testing";
		};
/* End PBXNativeTarget section */

/* Begin PBXProject section */
		0DA4D71D22152A2000D36D81 /* Project object */ = {
			isa = PBXProject;
			attributes = {
				LastSwiftUpdateCheck = 1000;
				LastUpgradeCheck = 1000;
				ORGANIZATIONNAME = "Jaeson Booker";
				TargetAttributes = {
					0DA4D72422152A2000D36D81 = {
						CreatedOnToolsVersion = 10.0;
						LastSwiftMigration = 1020;
					};
					0DA4D73A22152A2400D36D81 = {
						CreatedOnToolsVersion = 10.0;
						LastSwiftMigration = 1020;
						TestTargetID = 0DA4D72422152A2000D36D81;
					};
					0DA4D74522152A2400D36D81 = {
						CreatedOnToolsVersion = 10.0;
						LastSwiftMigration = 1020;
						TestTargetID = 0DA4D72422152A2000D36D81;
					};
				};
			};
			buildConfigurationList = 0DA4D72022152A2000D36D81 /* Build configuration list for PBXProject "ARcache" */;
			compatibilityVersion = "Xcode 9.3";
			developmentRegion = en;
			hasScannedForEncodings = 0;
			knownRegions = (
				en,
				Base,
			);
			mainGroup = 0DA4D71C22152A2000D36D81;
			productRefGroup = 0DA4D72622152A2000D36D81 /* Products */;
			projectDirPath = "";
			projectRoot = "";
			targets = (
				0DA4D72422152A2000D36D81 /* ARcache */,
				0DA4D73A22152A2400D36D81 /* ARcacheTests */,
				0DA4D74522152A2400D36D81 /* ARcacheUITests */,
			);
		};
/* End PBXProject section */

/* Begin PBXResourcesBuildPhase section */
		0DA4D72322152A2000D36D81 /* Resources */ = {
			isa = PBXResourcesBuildPhase;
			buildActionMask = 2147483647;
			files = (
				0DD210C4222A8E27007B9B88 /* LockStone_normal.png in Resources */,
				0DD210DA222A8E27007B9B88 /* LockMetal_baseColor.jpeg in Resources */,
				0DA4D72B22152A2000D36D81 /* art.scnassets in Resources */,
				0DD212FF222A929D007B9B88 /* Treasure_chest_top_SpecularSmoothness.png in Resources */,
				0DD210CA222A8E27007B9B88 /* LockMetal2_metallicRoughness.png in Resources */,
				0DD20E6A222A4F16007B9B88 /* IMG_0006.png in Resources */,
				0DD21300222A929D007B9B88 /* Treasure_chest_top_Emission.png in Resources */,
				0D29EDB42275254B00B53AC1 /* cacheOpen.mp3 in Resources */,
				0DD210DE222A8E27007B9B88 /* LockMetal2_normal.png in Resources */,
				0DD210FB222A8E27007B9B88 /* chestStoneOpen_2_normal.png in Resources */,
				0DD210F8222A8E27007B9B88 /* chestStoneOpen_1_baseColor.jpeg in Resources */,
				0DD210D6222A8E27007B9B88 /* chestStoneClosed_1_metallicRoughness.png in Resources */,
				0DD210D1222A8E27007B9B88 /* chestStoneClosed_1_normal.png in Resources */,
				0DD2130B222A929D007B9B88 /* Treasure chest.fbx in Resources */,
				0DD210D8222A8E27007B9B88 /* chestMetalOpen_3_metallicRoughness.png in Resources */,
				0DD210BD222A8E27007B9B88 /* chestMetalClosed_1_normal.png in Resources */,
				0DD21302222A929D007B9B88 /* Treasure_chest_grip_AlbedoTransparency.png in Resources */,
				0DD21308222A929D007B9B88 /* Treasure_chest_grip_Normal.png in Resources */,
				0DD210D3222A8E27007B9B88 /* plane_metallicRoughness.png in Resources */,
				0DD21303222A929D007B9B88 /* Treasure_chest_grip_base_Normal.png in Resources */,
				0DD210CD222A8E27007B9B88 /* chestWoodClosed_2_normal.png in Resources */,
				0DD212EB222A923A007B9B88 /* urn.zip in Resources */,
				0DD21305222A929D007B9B88 /* Treasure_chest_grip_base_SpecularSmoothnes.png in Resources */,
				0DD210C7222A8E27007B9B88 /* chestMetalOpen_1_metallicRoughness.png in Resources */,
				0DD21101222A8E27007B9B88 /* scene.gltf in Resources */,
				0DD210F4222A8E27007B9B88 /* chestWoodOpen_1_baseColor.jpeg in Resources */,
				0DD21304222A929D007B9B88 /* Treasure_chest_bot_Emission.png in Resources */,
				0DD210EE222A8E27007B9B88 /* chestWoodOpen_3_baseColor.jpeg in Resources */,
				0DD210F1222A8E27007B9B88 /* material_normal.png in Resources */,
				0DD210E4222A8E27007B9B88 /* chestStoneOpen_3_baseColor.jpeg in Resources */,
				0DD210E3222A8E27007B9B88 /* chestWoodOpen_3_normal.png in Resources */,
				0DD210FA222A8E27007B9B88 /* chestMetalOpen_1_baseColor.jpeg in Resources */,
				0DD210EF222A8E27007B9B88 /* chestStoneOpen_2_baseColor.jpeg in Resources */,
				0DD210C6222A8E27007B9B88 /* LockStone_baseColor.jpeg in Resources */,
				0DD210EA222A8E27007B9B88 /* LockMetal_normal.png in Resources */,
				0DD210D0222A8E27007B9B88 /* chestStoneClosed_2_baseColor.jpeg in Resources */,
				0DD210BF222A8E27007B9B88 /* chestStoneClosed_1_baseColor.jpeg in Resources */,
				0DD210C0222A8E27007B9B88 /* chestWoodOpen_3_metallicRoughness.png in Resources */,
				0DD210DB222A8E27007B9B88 /* LockStone_metallicRoughness.png in Resources */,
				0DD210C5222A8E27007B9B88 /* chestMetalOpen_2_normal.png in Resources */,
				0DD210CB222A8E27007B9B88 /* material_baseColor.jpeg in Resources */,
				0DD210C3222A8E27007B9B88 /* chestWoodOpen_1_metallicRoughness.png in Resources */,
				0DD2130A222A929D007B9B88 /* Treasure_chest_grip_SpecularSmoothness.png in Resources */,
				0DD212EA222A923A007B9B88 /* urn2.jpeg in Resources */,
				0DD210FE222A8E27007B9B88 /* Ryb2_baseColor.jpeg in Resources */,
				0DD210E8222A8E27007B9B88 /* LockWood2_baseColor.jpeg in Resources */,
				0DD210BA222A8E27007B9B88 /* LockMetal_metallicRoughness.png in Resources */,
				0DD210BB222A8E27007B9B88 /* plane_baseColor.jpeg in Resources */,
				0DD210F5222A8E27007B9B88 /* chestWoodOpen_1_normal.png in Resources */,
				0DD210D4222A8E27007B9B88 /* chestMetalClosed_2_baseColor.jpeg in Resources */,
				0DD210F2222A8E27007B9B88 /* chestWoodClosed_1_baseColor.jpeg in Resources */,
				0DD210FF222A8E27007B9B88 /* chestMetalClosed_2_metallicRoughness.png in Resources */,
				0DD210D9222A8E27007B9B88 /* plane_normal.png in Resources */,
				0DD210B9222A8E27007B9B88 /* chestStoneOpen_1_normal.png in Resources */,
				0DD210BC222A8E27007B9B88 /* chestMetalClosed_1_baseColor.jpeg in Resources */,
				0DD210D2222A8E27007B9B88 /* LockWood_baseColor.jpeg in Resources */,
				0DD210F0222A8E27007B9B88 /* chestStoneClosed_2_normal.png in Resources */,
				0DD210DC222A8E27007B9B88 /* LockStone2_normal.png in Resources */,
				0DD21307222A929D007B9B88 /* Treasure_chest_bot_Normal.png in Resources */,
				0DD21306222A929D007B9B88 /* Treasure_chest_top_Normal.png in Resources */,
				0DD210F3222A8E27007B9B88 /* chestMetalOpen_1_normal.png in Resources */,
				0DD20E6E222A5695007B9B88 /* xmark.png in Resources */,
				0DD210DF222A8E27007B9B88 /* chestWoodOpen_2_metallicRoughness.png in Resources */,
				0DD210E6222A8E27007B9B88 /* chestMetalOpen_3_normal.png in Resources */,
				0DD210E2222A8E27007B9B88 /* chestMetalOpen_3_baseColor.jpeg in Resources */,
				0DD210FD222A8E27007B9B88 /* chestMetalClosed_2_normal.png in Resources */,
				0D29EDB62275256000B53AC1 /* cacheFound.mp3 in Resources */,
				0DD210CE222A8E27007B9B88 /* Ryb2_metallicRoughness.png in Resources */,
				0DD210ED222A8E27007B9B88 /* material_metallicRoughness.png in Resources */,
				0DA4D73522152A2300D36D81 /* LaunchScreen.storyboard in Resources */,
				0DD20E72222A56A7007B9B88 /* output-onlinepngtools.png in Resources */,
				0DD210D5222A8E27007B9B88 /* LockWood_normal.png in Resources */,
				0DD21100222A8E27007B9B88 /* chestMetalOpen_2_metallicRoughness.png in Resources */,
				0DD210C2222A8E27007B9B88 /* chestStoneOpen_1_metallicRoughness.png in Resources */,
				0DD210E1222A8E27007B9B88 /* chestStoneOpen_2_metallicRoughness.png in Resources */,
				0DD210EC222A8E27007B9B88 /* chestMetalOpen_2_baseColor.jpeg in Resources */,
				0DD210E7222A8E27007B9B88 /* chestWoodClosed_2_baseColor.jpeg in Resources */,
				0DD20E70222A56A0007B9B88 /* log.png in Resources */,
				0DD210CF222A8E27007B9B88 /* LockWood_metallicRoughness.png in Resources */,
				0DD210D7222A8E27007B9B88 /* chestWoodClosed_2_metallicRoughness.png in Resources */,
				0DD210BE222A8E27007B9B88 /* chestStoneOpen_3_metallicRoughness.png in Resources */,
				0DD210C8222A8E27007B9B88 /* chestMetalClosed_1_metallicRoughness.png in Resources */,
				0DD210C9222A8E27007B9B88 /* LockStone2_metallicRoughness.png in Resources */,
				0DD210F7222A8E27007B9B88 /* chestStoneClosed_2_metallicRoughness.png in Resources */,
				0DD210E0222A8E27007B9B88 /* LockStone2_baseColor.jpeg in Resources */,
				0DD21301222A929D007B9B88 /* Lock_diffuse.png in Resources */,
				0DD210FC222A8E27007B9B88 /* LockMetal2_baseColor.jpeg in Resources */,
				0DA4D73222152A2300D36D81 /* Assets.xcassets in Resources */,
				0DD210F9222A8E27007B9B88 /* LockWood2_normal.png in Resources */,
				0DD21309222A929D007B9B88 /* Treasure_chest_bot_SpecularSmoothness.png in Resources */,
				0DA4D73022152A2000D36D81 /* Main.storyboard in Resources */,
				0DD210E9222A8E27007B9B88 /* chestWoodClosed_1_normal.png in Resources */,
				0DD210EB222A8E27007B9B88 /* Ryb2_normal.png in Resources */,
				0DD210E5222A8E27007B9B88 /* chestWoodOpen_2_baseColor.jpeg in Resources */,
				0DD21102222A8E27007B9B88 /* scene.bin in Resources */,
				0DD210F6222A8E27007B9B88 /* chestWoodClosed_1_metallicRoughness.png in Resources */,
				0DD210DD222A8E27007B9B88 /* LockWood2_metallicRoughness.png in Resources */,
				0DD210C1222A8E27007B9B88 /* chestWoodOpen_2_normal.png in Resources */,
				0DD20E6C222A55EE007B9B88 /* output-onlinepngtools (1).png in Resources */,
				0DD210CC222A8E27007B9B88 /* chestStoneOpen_3_normal.png in Resources */,
			);
			runOnlyForDeploymentPostprocessing = 0;
		};
		0DA4D73922152A2400D36D81 /* Resources */ = {
			isa = PBXResourcesBuildPhase;
			buildActionMask = 2147483647;
			files = (
			);
			runOnlyForDeploymentPostprocessing = 0;
		};
		0DA4D74422152A2400D36D81 /* Resources */ = {
			isa = PBXResourcesBuildPhase;
			buildActionMask = 2147483647;
			files = (
			);
			runOnlyForDeploymentPostprocessing = 0;
		};
/* End PBXResourcesBuildPhase section */

/* Begin PBXSourcesBuildPhase section */
		0DA4D72122152A2000D36D81 /* Sources */ = {
			isa = PBXSourcesBuildPhase;
			buildActionMask = 2147483647;
			files = (
				0DA4D72D22152A2000D36D81 /* ViewController.swift in Sources */,
				0DED8BAC222E4FAC00582230 /* Cache.swift in Sources */,
				0DA4D72922152A2000D36D81 /* AppDelegate.swift in Sources */,
			);
			runOnlyForDeploymentPostprocessing = 0;
		};
		0DA4D73722152A2400D36D81 /* Sources */ = {
			isa = PBXSourcesBuildPhase;
			buildActionMask = 2147483647;
			files = (
				0DA4D74022152A2400D36D81 /* ARcacheTests.swift in Sources */,
			);
			runOnlyForDeploymentPostprocessing = 0;
		};
		0DA4D74222152A2400D36D81 /* Sources */ = {
			isa = PBXSourcesBuildPhase;
			buildActionMask = 2147483647;
			files = (
				0DA4D74B22152A2400D36D81 /* ARcacheUITests.swift in Sources */,
			);
			runOnlyForDeploymentPostprocessing = 0;
		};
/* End PBXSourcesBuildPhase section */

/* Begin PBXTargetDependency section */
		0DA4D73D22152A2400D36D81 /* PBXTargetDependency */ = {
			isa = PBXTargetDependency;
			target = 0DA4D72422152A2000D36D81 /* ARcache */;
			targetProxy = 0DA4D73C22152A2400D36D81 /* PBXContainerItemProxy */;
		};
		0DA4D74822152A2400D36D81 /* PBXTargetDependency */ = {
			isa = PBXTargetDependency;
			target = 0DA4D72422152A2000D36D81 /* ARcache */;
			targetProxy = 0DA4D74722152A2400D36D81 /* PBXContainerItemProxy */;
		};
/* End PBXTargetDependency section */

/* Begin PBXVariantGroup section */
		0DA4D72E22152A2000D36D81 /* Main.storyboard */ = {
			isa = PBXVariantGroup;
			children = (
				0DA4D72F22152A2000D36D81 /* Base */,
			);
			name = Main.storyboard;
			sourceTree = "<group>";
		};
		0DA4D73322152A2300D36D81 /* LaunchScreen.storyboard */ = {
			isa = PBXVariantGroup;
			children = (
				0DA4D73422152A2300D36D81 /* Base */,
			);
			name = LaunchScreen.storyboard;
			sourceTree = "<group>";
		};
/* End PBXVariantGroup section */

/* Begin XCBuildConfiguration section */
		0DA4D74D22152A2400D36D81 /* Debug */ = {
			isa = XCBuildConfiguration;
			buildSettings = {
				ALWAYS_SEARCH_USER_PATHS = NO;
				CLANG_ANALYZER_NONNULL = YES;
				CLANG_ANALYZER_NUMBER_OBJECT_CONVERSION = YES_AGGRESSIVE;
				CLANG_CXX_LANGUAGE_STANDARD = "gnu++14";
				CLANG_CXX_LIBRARY = "libc++";
				CLANG_ENABLE_MODULES = YES;
				CLANG_ENABLE_OBJC_ARC = YES;
				CLANG_ENABLE_OBJC_WEAK = YES;
				CLANG_WARN_BLOCK_CAPTURE_AUTORELEASING = YES;
				CLANG_WARN_BOOL_CONVERSION = YES;
				CLANG_WARN_COMMA = YES;
				CLANG_WARN_CONSTANT_CONVERSION = YES;
				CLANG_WARN_DEPRECATED_OBJC_IMPLEMENTATIONS = YES;
				CLANG_WARN_DIRECT_OBJC_ISA_USAGE = YES_ERROR;
				CLANG_WARN_DOCUMENTATION_COMMENTS = YES;
				CLANG_WARN_EMPTY_BODY = YES;
				CLANG_WARN_ENUM_CONVERSION = YES;
				CLANG_WARN_INFINITE_RECURSION = YES;
				CLANG_WARN_INT_CONVERSION = YES;
				CLANG_WARN_NON_LITERAL_NULL_CONVERSION = YES;
				CLANG_WARN_OBJC_IMPLICIT_RETAIN_SELF = YES;
				CLANG_WARN_OBJC_LITERAL_CONVERSION = YES;
				CLANG_WARN_OBJC_ROOT_CLASS = YES_ERROR;
				CLANG_WARN_RANGE_LOOP_ANALYSIS = YES;
				CLANG_WARN_STRICT_PROTOTYPES = YES;
				CLANG_WARN_SUSPICIOUS_MOVE = YES;
				CLANG_WARN_UNGUARDED_AVAILABILITY = YES_AGGRESSIVE;
				CLANG_WARN_UNREACHABLE_CODE = YES;
				CLANG_WARN__DUPLICATE_METHOD_MATCH = YES;
				CODE_SIGN_IDENTITY = "iPhone Developer";
				COPY_PHASE_STRIP = NO;
				DEBUG_INFORMATION_FORMAT = dwarf;
				ENABLE_STRICT_OBJC_MSGSEND = YES;
				ENABLE_TESTABILITY = YES;
				GCC_C_LANGUAGE_STANDARD = gnu11;
				GCC_DYNAMIC_NO_PIC = NO;
				GCC_NO_COMMON_BLOCKS = YES;
				GCC_OPTIMIZATION_LEVEL = 0;
				GCC_PREPROCESSOR_DEFINITIONS = (
					"DEBUG=1",
					"$(inherited)",
				);
				GCC_WARN_64_TO_32_BIT_CONVERSION = YES;
				GCC_WARN_ABOUT_RETURN_TYPE = YES_ERROR;
				GCC_WARN_UNDECLARED_SELECTOR = YES;
				GCC_WARN_UNINITIALIZED_AUTOS = YES_AGGRESSIVE;
				GCC_WARN_UNUSED_FUNCTION = YES;
				GCC_WARN_UNUSED_VARIABLE = YES;
				IPHONEOS_DEPLOYMENT_TARGET = 12.1;
				MTL_ENABLE_DEBUG_INFO = INCLUDE_SOURCE;
				MTL_FAST_MATH = YES;
				ONLY_ACTIVE_ARCH = YES;
				SDKROOT = iphoneos;
				SWIFT_ACTIVE_COMPILATION_CONDITIONS = DEBUG;
				SWIFT_OPTIMIZATION_LEVEL = "-Onone";
			};
			name = Debug;
		};
		0DA4D74E22152A2400D36D81 /* Release */ = {
			isa = XCBuildConfiguration;
			buildSettings = {
				ALWAYS_SEARCH_USER_PATHS = NO;
				CLANG_ANALYZER_NONNULL = YES;
				CLANG_ANALYZER_NUMBER_OBJECT_CONVERSION = YES_AGGRESSIVE;
				CLANG_CXX_LANGUAGE_STANDARD = "gnu++14";
				CLANG_CXX_LIBRARY = "libc++";
				CLANG_ENABLE_MODULES = YES;
				CLANG_ENABLE_OBJC_ARC = YES;
				CLANG_ENABLE_OBJC_WEAK = YES;
				CLANG_WARN_BLOCK_CAPTURE_AUTORELEASING = YES;
				CLANG_WARN_BOOL_CONVERSION = YES;
				CLANG_WARN_COMMA = YES;
				CLANG_WARN_CONSTANT_CONVERSION = YES;
				CLANG_WARN_DEPRECATED_OBJC_IMPLEMENTATIONS = YES;
				CLANG_WARN_DIRECT_OBJC_ISA_USAGE = YES_ERROR;
				CLANG_WARN_DOCUMENTATION_COMMENTS = YES;
				CLANG_WARN_EMPTY_BODY = YES;
				CLANG_WARN_ENUM_CONVERSION = YES;
				CLANG_WARN_INFINITE_RECURSION = YES;
				CLANG_WARN_INT_CONVERSION = YES;
				CLANG_WARN_NON_LITERAL_NULL_CONVERSION = YES;
				CLANG_WARN_OBJC_IMPLICIT_RETAIN_SELF = YES;
				CLANG_WARN_OBJC_LITERAL_CONVERSION = YES;
				CLANG_WARN_OBJC_ROOT_CLASS = YES_ERROR;
				CLANG_WARN_RANGE_LOOP_ANALYSIS = YES;
				CLANG_WARN_STRICT_PROTOTYPES = YES;
				CLANG_WARN_SUSPICIOUS_MOVE = YES;
				CLANG_WARN_UNGUARDED_AVAILABILITY = YES_AGGRESSIVE;
				CLANG_WARN_UNREACHABLE_CODE = YES;
				CLANG_WARN__DUPLICATE_METHOD_MATCH = YES;
				CODE_SIGN_IDENTITY = "iPhone Developer";
				COPY_PHASE_STRIP = NO;
				DEBUG_INFORMATION_FORMAT = "dwarf-with-dsym";
				ENABLE_NS_ASSERTIONS = NO;
				ENABLE_STRICT_OBJC_MSGSEND = YES;
				GCC_C_LANGUAGE_STANDARD = gnu11;
				GCC_NO_COMMON_BLOCKS = YES;
				GCC_WARN_64_TO_32_BIT_CONVERSION = YES;
				GCC_WARN_ABOUT_RETURN_TYPE = YES_ERROR;
				GCC_WARN_UNDECLARED_SELECTOR = YES;
				GCC_WARN_UNINITIALIZED_AUTOS = YES_AGGRESSIVE;
				GCC_WARN_UNUSED_FUNCTION = YES;
				GCC_WARN_UNUSED_VARIABLE = YES;
				IPHONEOS_DEPLOYMENT_TARGET = 12.1;
				MTL_ENABLE_DEBUG_INFO = NO;
				MTL_FAST_MATH = YES;
				SDKROOT = iphoneos;
				SWIFT_COMPILATION_MODE = wholemodule;
				SWIFT_OPTIMIZATION_LEVEL = "-O";
				VALIDATE_PRODUCT = YES;
			};
			name = Release;
		};
		0DA4D75022152A2400D36D81 /* Debug */ = {
			isa = XCBuildConfiguration;
			buildSettings = {
				ASSETCATALOG_COMPILER_APPICON_NAME = AppIcon;
				CODE_SIGN_STYLE = Automatic;
				DEVELOPMENT_TEAM = FC9W35QTCN;
				INFOPLIST_FILE = ARcache/Info.plist;
				IPHONEOS_DEPLOYMENT_TARGET = 12.1;
				LD_RUNPATH_SEARCH_PATHS = (
					"$(inherited)",
					"@executable_path/Frameworks",
				);
				PRODUCT_BUNDLE_IDENTIFIER = com.jaeson.ARcache;
				PRODUCT_NAME = "$(TARGET_NAME)";
				SWIFT_VERSION = 5.0;
				TARGETED_DEVICE_FAMILY = "1,2";
			};
			name = Debug;
		};
		0DA4D75122152A2400D36D81 /* Release */ = {
			isa = XCBuildConfiguration;
			buildSettings = {
				ASSETCATALOG_COMPILER_APPICON_NAME = AppIcon;
				CODE_SIGN_STYLE = Automatic;
				DEVELOPMENT_TEAM = FC9W35QTCN;
				INFOPLIST_FILE = ARcache/Info.plist;
				IPHONEOS_DEPLOYMENT_TARGET = 12.1;
				LD_RUNPATH_SEARCH_PATHS = (
					"$(inherited)",
					"@executable_path/Frameworks",
				);
				PRODUCT_BUNDLE_IDENTIFIER = com.jaeson.ARcache;
				PRODUCT_NAME = "$(TARGET_NAME)";
				SWIFT_VERSION = 5.0;
				TARGETED_DEVICE_FAMILY = "1,2";
			};
			name = Release;
		};
		0DA4D75322152A2400D36D81 /* Debug */ = {
			isa = XCBuildConfiguration;
			buildSettings = {
				ALWAYS_EMBED_SWIFT_STANDARD_LIBRARIES = YES;
				BUNDLE_LOADER = "$(TEST_HOST)";
				CODE_SIGN_STYLE = Automatic;
				DEVELOPMENT_TEAM = FC9W35QTCN;
				INFOPLIST_FILE = ARcacheTests/Info.plist;
				LD_RUNPATH_SEARCH_PATHS = (
					"$(inherited)",
					"@executable_path/Frameworks",
					"@loader_path/Frameworks",
				);
				PRODUCT_BUNDLE_IDENTIFIER = com.jaeson.ARcacheTests;
				PRODUCT_NAME = "$(TARGET_NAME)";
				SWIFT_VERSION = 5.0;
				TARGETED_DEVICE_FAMILY = "1,2";
				TEST_HOST = "$(BUILT_PRODUCTS_DIR)/ARcache.app/ARcache";
			};
			name = Debug;
		};
		0DA4D75422152A2400D36D81 /* Release */ = {
			isa = XCBuildConfiguration;
			buildSettings = {
				ALWAYS_EMBED_SWIFT_STANDARD_LIBRARIES = YES;
				BUNDLE_LOADER = "$(TEST_HOST)";
				CODE_SIGN_STYLE = Automatic;
				DEVELOPMENT_TEAM = FC9W35QTCN;
				INFOPLIST_FILE = ARcacheTests/Info.plist;
				LD_RUNPATH_SEARCH_PATHS = (
					"$(inherited)",
					"@executable_path/Frameworks",
					"@loader_path/Frameworks",
				);
				PRODUCT_BUNDLE_IDENTIFIER = com.jaeson.ARcacheTests;
				PRODUCT_NAME = "$(TARGET_NAME)";
				SWIFT_VERSION = 5.0;
				TARGETED_DEVICE_FAMILY = "1,2";
				TEST_HOST = "$(BUILT_PRODUCTS_DIR)/ARcache.app/ARcache";
			};
			name = Release;
		};
		0DA4D75622152A2400D36D81 /* Debug */ = {
			isa = XCBuildConfiguration;
			buildSettings = {
				ALWAYS_EMBED_SWIFT_STANDARD_LIBRARIES = YES;
				CODE_SIGN_STYLE = Automatic;
				DEVELOPMENT_TEAM = FC9W35QTCN;
				INFOPLIST_FILE = ARcacheUITests/Info.plist;
				LD_RUNPATH_SEARCH_PATHS = (
					"$(inherited)",
					"@executable_path/Frameworks",
					"@loader_path/Frameworks",
				);
				PRODUCT_BUNDLE_IDENTIFIER = com.jaeson.ARcacheUITests;
				PRODUCT_NAME = "$(TARGET_NAME)";
				SWIFT_VERSION = 5.0;
				TARGETED_DEVICE_FAMILY = "1,2";
				TEST_TARGET_NAME = ARcache;
			};
			name = Debug;
		};
		0DA4D75722152A2400D36D81 /* Release */ = {
			isa = XCBuildConfiguration;
			buildSettings = {
				ALWAYS_EMBED_SWIFT_STANDARD_LIBRARIES = YES;
				CODE_SIGN_STYLE = Automatic;
				DEVELOPMENT_TEAM = FC9W35QTCN;
				INFOPLIST_FILE = ARcacheUITests/Info.plist;
				LD_RUNPATH_SEARCH_PATHS = (
					"$(inherited)",
					"@executable_path/Frameworks",
					"@loader_path/Frameworks",
				);
				PRODUCT_BUNDLE_IDENTIFIER = com.jaeson.ARcacheUITests;
				PRODUCT_NAME = "$(TARGET_NAME)";
				SWIFT_VERSION = 5.0;
				TARGETED_DEVICE_FAMILY = "1,2";
				TEST_TARGET_NAME = ARcache;
			};
			name = Release;
		};
/* End XCBuildConfiguration section */

/* Begin XCConfigurationList section */
		0DA4D72022152A2000D36D81 /* Build configuration list for PBXProject "ARcache" */ = {
			isa = XCConfigurationList;
			buildConfigurations = (
				0DA4D74D22152A2400D36D81 /* Debug */,
				0DA4D74E22152A2400D36D81 /* Release */,
			);
			defaultConfigurationIsVisible = 0;
			defaultConfigurationName = Release;
		};
		0DA4D74F22152A2400D36D81 /* Build configuration list for PBXNativeTarget "ARcache" */ = {
			isa = XCConfigurationList;
			buildConfigurations = (
				0DA4D75022152A2400D36D81 /* Debug */,
				0DA4D75122152A2400D36D81 /* Release */,
			);
			defaultConfigurationIsVisible = 0;
			defaultConfigurationName = Release;
		};
		0DA4D75222152A2400D36D81 /* Build configuration list for PBXNativeTarget "ARcacheTests" */ = {
			isa = XCConfigurationList;
			buildConfigurations = (
				0DA4D75322152A2400D36D81 /* Debug */,
				0DA4D75422152A2400D36D81 /* Release */,
			);
			defaultConfigurationIsVisible = 0;
			defaultConfigurationName = Release;
		};
		0DA4D75522152A2400D36D81 /* Build configuration list for PBXNativeTarget "ARcacheUITests" */ = {
			isa = XCConfigurationList;
			buildConfigurations = (
				0DA4D75622152A2400D36D81 /* Debug */,
				0DA4D75722152A2400D36D81 /* Release */,
			);
			defaultConfigurationIsVisible = 0;
			defaultConfigurationName = Release;
		};
/* End XCConfigurationList section */
	};
	rootObject = 0DA4D71D22152A2000D36D81 /* Project object */;
}
